<?xml version="1.0" encoding="utf-8"?>
<Project ToolsVersion="4.0" xmlns="http://schemas.microsoft.com/developer/msbuild/2003">
  <ItemGroup>
    <ClCompile Include="AutoGen\Scrubber_AutoGen_1.c">
      <Filter>autogen</Filter>
    </ClCompile>
    <ClCompile Include="AutoGen\Scrubber_AutoGen_2.c">
      <Filter>autogen</Filter>
    </ClCompile>
    <ClCompile Include="renamer.c">
      <Filter>Source Files</Filter>
    </ClCompile>
    <ClCompile Include="scrubber.c">
      <Filter>Source Files</Filter>
    </ClCompile>
    <ClCompile Include="scrubutils.c">
      <Filter>Source Files</Filter>
    </ClCompile>
  </ItemGroup>
  <ItemGroup>
    <ClInclude Include="renamer.h">
      <Filter>Header Files</Filter>
    </ClInclude>
    <ClInclude Include="scrubutils.h">
      <Filter>Header Files</Filter>
    </ClInclude>
  </ItemGroup>
  <ItemGroup>
    <Filter Include="autogen">
      <UniqueIdentifier>{938cb2e6-b9e8-4116-87dd-a019827fd1ab}</UniqueIdentifier>
    </Filter>
    <Filter Include="Header Files">
      <UniqueIdentifier>{93995380-89BD-4b04-88EB-625FBE52EBFB}</UniqueIdentifier>
      <Extensions>h;hpp;hxx;hm;inl;inc;xsd</Extensions>
    </Filter>
    <Filter Include="Resource Files">
      <UniqueIdentifier>{67DA6AB6-F800-4c08-8B7A-83BB121AAD01}</UniqueIdentifier>
      <Extensions>rc;ico;cur;bmp;dlg;rc2;rct;bin;rgs;gif;jpg;jpeg;jpe;resx</Extensions>
    </Filter>
    <Filter Include="Source Files">
      <UniqueIdentifier>{4FC737F1-C7A5-4376-A066-2A32D752A2FF}</UniqueIdentifier>
      <Extensions>cpp;c;cxx;def;odl;idl;hpj;bat;asm;asmx</Extensions>
    </Filter>
  </ItemGroup>
</Project>