<?xml version="1.0" encoding="utf-8"?>
<Project ToolsVersion="4.0" xmlns="http://schemas.microsoft.com/developer/msbuild/2003">
  <ItemGroup>
    <ClCompile Include="AutoGen\sxfer_AutoGen_1.c">
      <Filter>AutoGen</Filter>
    </ClCompile>
    <ClCompile Include="AutoGen\sxfer_AutoGen_2.c">
      <Filter>AutoGen</Filter>
    </ClCompile>
    <ClCompile Include="receiver.c" />
    <ClCompile Include="sender.c" />
    <ClCompile Include="sxfer.c" />
  </ItemGroup>
  <ItemGroup>
    <ClInclude Include="sxfer.h" />
  </ItemGroup>
  <ItemGroup>
    <Filter Include="AutoGen">
      <UniqueIdentifier>{aa8f4b99-b05d-43a6-86cb-cde9104c27a1}</UniqueIdentifier>
    </Filter>
    <Filter Include="ExternHeaders">
      <UniqueIdentifier>{7891e66f-06d7-44e4-982b-622d10ce669f}</UniqueIdentifier>
    </Filter>
  </ItemGroup>
</Project>