
Microsoft Visual Studio Solution File, Format Version 9.00
# Visual Studio 2005
Project("{FAE04EC0-301F-11D3-BF4B-00C04F79EFBC}") = "make_sgconfig", "make_sgconfig\make_sgconfig.csproj", "{5FBC2AB5-531F-4023-AD9C-D987C8A01E36}"
EndProject
Global
	GlobalSection(SolutionConfigurationPlatforms) = preSolution
		Debug|Any CPU = Debug|Any CPU
		Release|Any CPU = Release|Any CPU
	EndGlobalSection
	GlobalSection(ProjectConfigurationPlatforms) = postSolution
		{5FBC2AB5-531F-4023-AD9C-D987C8A01E36}.Debug|Any CPU.ActiveCfg = Debug|Any CPU
		{5FBC2AB5-531F-4023-AD9C-D987C8A01E36}.Debug|Any CPU.Build.0 = Debug|Any CPU
		{5FBC2AB5-531F-4023-AD9C-D987C8A01E36}.Release|Any CPU.ActiveCfg = Release|Any CPU
		{5FBC2AB5-531F-4023-AD9C-D987C8A01E36}.Release|Any CPU.Build.0 = Release|Any CPU
	EndGlobalSection
	GlobalSection(SolutionProperties) = preSolution
		HideSolutionNode = FALSE
	EndGlobalSection
EndGlobal
