
Microsoft Visual Studio Solution File, Format Version 9.00
# Visual Studio 2005
Project("{8BC9CEB8-8B4A-11D0-8D11-00A0C91BC942}") = "CoreSync", "CoreSync.vcproj", "{4F456119-6A85-40BB-961D-4F12AFFF7725}"
	ProjectSection(ProjectDependencies) = postProject
		{A6741F6E-5476-4F9F-9D65-62B54AAF1D08} = {A6741F6E-5476-4F9F-9D65-62B54AAF1D08}
	EndProjectSection
EndProject
Project("{8BC9CEB8-8B4A-11D0-8D11-00A0C91BC942}") = "UtilitiesLib", "..\..\libs\UtilitiesLib\UtilitiesLib.vcproj", "{A6741F6E-5476-4F9F-9D65-62B54AAF1D08}"
EndProject
Global
	GlobalSection(SolutionConfigurationPlatforms) = preSolution
		Debug|Win32 = Debug|Win32
		Debug|x64 = Debug|x64
		Debug|Xbox 360 = Debug|Xbox 360
		Full Debug|Win32 = Full Debug|Win32
		Full Debug|x64 = Full Debug|x64
		Full Debug|Xbox 360 = Full Debug|Xbox 360
	EndGlobalSection
	GlobalSection(ProjectConfigurationPlatforms) = postSolution
		{4F456119-6A85-40BB-961D-4F12AFFF7725}.Debug|Win32.ActiveCfg = Debug|Win32
		{4F456119-6A85-40BB-961D-4F12AFFF7725}.Debug|Win32.Build.0 = Debug|Win32
		{4F456119-6A85-40BB-961D-4F12AFFF7725}.Debug|x64.ActiveCfg = Debug|Win32
		{4F456119-6A85-40BB-961D-4F12AFFF7725}.Debug|Xbox 360.ActiveCfg = Debug|Win32
		{4F456119-6A85-40BB-961D-4F12AFFF7725}.Full Debug|Win32.ActiveCfg = Full Debug|Win32
		{4F456119-6A85-40BB-961D-4F12AFFF7725}.Full Debug|Win32.Build.0 = Full Debug|Win32
		{4F456119-6A85-40BB-961D-4F12AFFF7725}.Full Debug|x64.ActiveCfg = Debug|Win32
		{4F456119-6A85-40BB-961D-4F12AFFF7725}.Full Debug|Xbox 360.ActiveCfg = Debug|Win32
		{A6741F6E-5476-4F9F-9D65-62B54AAF1D08}.Debug|Win32.ActiveCfg = Debug|Win32
		{A6741F6E-5476-4F9F-9D65-62B54AAF1D08}.Debug|Win32.Build.0 = Debug|Win32
		{A6741F6E-5476-4F9F-9D65-62B54AAF1D08}.Debug|x64.ActiveCfg = Debug|x64
		{A6741F6E-5476-4F9F-9D65-62B54AAF1D08}.Debug|x64.Build.0 = Debug|x64
		{A6741F6E-5476-4F9F-9D65-62B54AAF1D08}.Debug|Xbox 360.ActiveCfg = Debug|Xbox 360
		{A6741F6E-5476-4F9F-9D65-62B54AAF1D08}.Debug|Xbox 360.Build.0 = Debug|Xbox 360
		{A6741F6E-5476-4F9F-9D65-62B54AAF1D08}.Full Debug|Win32.ActiveCfg = Full Debug|Win32
		{A6741F6E-5476-4F9F-9D65-62B54AAF1D08}.Full Debug|Win32.Build.0 = Full Debug|Win32
		{A6741F6E-5476-4F9F-9D65-62B54AAF1D08}.Full Debug|x64.ActiveCfg = Full Debug|x64
		{A6741F6E-5476-4F9F-9D65-62B54AAF1D08}.Full Debug|x64.Build.0 = Full Debug|x64
		{A6741F6E-5476-4F9F-9D65-62B54AAF1D08}.Full Debug|Xbox 360.ActiveCfg = Full Debug|Xbox 360
		{A6741F6E-5476-4F9F-9D65-62B54AAF1D08}.Full Debug|Xbox 360.Build.0 = Full Debug|Xbox 360
	EndGlobalSection
	GlobalSection(SolutionProperties) = preSolution
		HideSolutionNode = FALSE
	EndGlobalSection
EndGlobal
