
Microsoft Visual Studio Solution File, Format Version 11.00
# Visual Studio 2010
# Generated by SolutionGen
Project("{8BC9CEB8-8B4A-11D0-8D11-00A0C91BC942}") = "CrypticLauncherImportTranslations", "..\..\Utilities\CrypticLauncherImportTranslations\CrypticLauncherImportTranslations.vcxproj", "{66CAE651-5A97-488D-BC22-ABE15B59965E}"
EndProject
Project("{8BC9CEB8-8B4A-11D0-8D11-00A0C91BC942}") = "UtilitiesLib", "..\..\libs\UtilitiesLib\UtilitiesLib.vcxproj", "{A6741F6E-5476-4F9F-9D65-62B54AAF1D08}"
EndProject
Global
	GlobalSection(SolutionConfigurationPlatforms) = preSolution
		Code Coverage|Win32 = Code Coverage|Win32
		Debug|Win32 = Debug|Win32
		Full Debug|Win32 = Full Debug|Win32
	EndGlobalSection
	GlobalSection(ProjectConfigurationPlatforms) = postSolution
		{66CAE651-5A97-488D-BC22-ABE15B59965E}.Code Coverage|Win32.ActiveCfg = Debug|Win32
		{66CAE651-5A97-488D-BC22-ABE15B59965E}.Code Coverage|Win32.Build.0 = Debug|Win32
		{66CAE651-5A97-488D-BC22-ABE15B59965E}.Debug|Win32.ActiveCfg = Debug|Win32
		{66CAE651-5A97-488D-BC22-ABE15B59965E}.Debug|Win32.Build.0 = Debug|Win32
		{66CAE651-5A97-488D-BC22-ABE15B59965E}.Full Debug|Win32.ActiveCfg = Full Debug|Win32
		{66CAE651-5A97-488D-BC22-ABE15B59965E}.Full Debug|Win32.Build.0 = Full Debug|Win32
		{A6741F6E-5476-4F9F-9D65-62B54AAF1D08}.Code Coverage|Win32.ActiveCfg = Code Coverage|Win32
		{A6741F6E-5476-4F9F-9D65-62B54AAF1D08}.Code Coverage|Win32.Build.0 = Code Coverage|Win32
		{A6741F6E-5476-4F9F-9D65-62B54AAF1D08}.Debug|Win32.ActiveCfg = Debug|Win32
		{A6741F6E-5476-4F9F-9D65-62B54AAF1D08}.Debug|Win32.Build.0 = Debug|Win32
		{A6741F6E-5476-4F9F-9D65-62B54AAF1D08}.Full Debug|Win32.ActiveCfg = Full Debug|Win32
		{A6741F6E-5476-4F9F-9D65-62B54AAF1D08}.Full Debug|Win32.Build.0 = Full Debug|Win32
	EndGlobalSection
	GlobalSection(SolutionProperties) = preSolution
		HideSolutionNode = FALSE
	EndGlobalSection
EndGlobal
