
Microsoft Visual Studio Solution File, Format Version 9.00
# Visual Studio 2005
Project("{8BC9CEB8-8B4A-11D0-8D11-00A0C91BC942}") = "LogFileSorter", "LogFileSorter.vcproj", "{69317C5A-6A76-486C-995C-5F5BF6B6B398}"
	ProjectSection(ProjectDependencies) = postProject
		{A6741F6E-5476-4F9F-9D65-62B54AAF1D08} = {A6741F6E-5476-4F9F-9D65-62B54AAF1D08}
		{1D29E421-93B2-4E32-9186-7FAFC3971C5B} = {1D29E421-93B2-4E32-9186-7FAFC3971C5B}
	EndProjectSection
EndProject
Project("{8BC9CEB8-8B4A-11D0-8D11-00A0C91BC942}") = "StructParserStub", "..\..\libs\StructParserStub\StructParserStub.vcproj", "{1D29E421-93B2-4E32-9186-7FAFC3971C5B}"
EndProject
Project("{8BC9CEB8-8B4A-11D0-8D11-00A0C91BC942}") = "UtilitiesLib", "..\..\libs\UtilitiesLib\UtilitiesLib.vcproj", "{A6741F6E-5476-4F9F-9D65-62B54AAF1D08}"
	ProjectSection(ProjectDependencies) = postProject
		{1D29E421-93B2-4E32-9186-7FAFC3971C5B} = {1D29E421-93B2-4E32-9186-7FAFC3971C5B}
	EndProjectSection
EndProject
Global
	GlobalSection(SolutionConfigurationPlatforms) = preSolution
		Debug|Win32 = Debug|Win32
		Debug|x64 = Debug|x64
		Debug|Xbox 360 = Debug|Xbox 360
		Full Debug|Win32 = Full Debug|Win32
		Full Debug|x64 = Full Debug|x64
		Full Debug|Xbox 360 = Full Debug|Xbox 360
		Profile|Win32 = Profile|Win32
		Profile|x64 = Profile|x64
		Profile|Xbox 360 = Profile|Xbox 360
		PS3 Debug|Win32 = PS3 Debug|Win32
		PS3 Debug|x64 = PS3 Debug|x64
		PS3 Debug|Xbox 360 = PS3 Debug|Xbox 360
		PS3 Release|Win32 = PS3 Release|Win32
		PS3 Release|x64 = PS3 Release|x64
		PS3 Release|Xbox 360 = PS3 Release|Xbox 360
	EndGlobalSection
	GlobalSection(ProjectConfigurationPlatforms) = postSolution
		{69317C5A-6A76-486C-995C-5F5BF6B6B398}.Debug|Win32.ActiveCfg = Debug|Win32
		{69317C5A-6A76-486C-995C-5F5BF6B6B398}.Debug|Win32.Build.0 = Debug|Win32
		{69317C5A-6A76-486C-995C-5F5BF6B6B398}.Debug|x64.ActiveCfg = Debug|Win32
		{69317C5A-6A76-486C-995C-5F5BF6B6B398}.Debug|Xbox 360.ActiveCfg = Debug|Win32
		{69317C5A-6A76-486C-995C-5F5BF6B6B398}.Full Debug|Win32.ActiveCfg = Full Debug|Win32
		{69317C5A-6A76-486C-995C-5F5BF6B6B398}.Full Debug|Win32.Build.0 = Full Debug|Win32
		{69317C5A-6A76-486C-995C-5F5BF6B6B398}.Full Debug|x64.ActiveCfg = Full Debug|Win32
		{69317C5A-6A76-486C-995C-5F5BF6B6B398}.Full Debug|Xbox 360.ActiveCfg = Full Debug|Win32
		{69317C5A-6A76-486C-995C-5F5BF6B6B398}.Profile|Win32.ActiveCfg = Full Debug|Win32
		{69317C5A-6A76-486C-995C-5F5BF6B6B398}.Profile|Win32.Build.0 = Full Debug|Win32
		{69317C5A-6A76-486C-995C-5F5BF6B6B398}.Profile|x64.ActiveCfg = Full Debug|Win32
		{69317C5A-6A76-486C-995C-5F5BF6B6B398}.Profile|Xbox 360.ActiveCfg = Full Debug|Win32
		{69317C5A-6A76-486C-995C-5F5BF6B6B398}.PS3 Debug|Win32.ActiveCfg = Debug|Win32
		{69317C5A-6A76-486C-995C-5F5BF6B6B398}.PS3 Debug|Win32.Build.0 = Debug|Win32
		{69317C5A-6A76-486C-995C-5F5BF6B6B398}.PS3 Debug|x64.ActiveCfg = Debug|Win32
		{69317C5A-6A76-486C-995C-5F5BF6B6B398}.PS3 Debug|Xbox 360.ActiveCfg = Debug|Win32
		{69317C5A-6A76-486C-995C-5F5BF6B6B398}.PS3 Release|Win32.ActiveCfg = Full Debug|Win32
		{69317C5A-6A76-486C-995C-5F5BF6B6B398}.PS3 Release|Win32.Build.0 = Full Debug|Win32
		{69317C5A-6A76-486C-995C-5F5BF6B6B398}.PS3 Release|x64.ActiveCfg = Full Debug|Win32
		{69317C5A-6A76-486C-995C-5F5BF6B6B398}.PS3 Release|Xbox 360.ActiveCfg = Full Debug|Win32
		{1D29E421-93B2-4E32-9186-7FAFC3971C5B}.Debug|Win32.ActiveCfg = Debug|Win32
		{1D29E421-93B2-4E32-9186-7FAFC3971C5B}.Debug|Win32.Build.0 = Debug|Win32
		{1D29E421-93B2-4E32-9186-7FAFC3971C5B}.Debug|x64.ActiveCfg = Debug|x64
		{1D29E421-93B2-4E32-9186-7FAFC3971C5B}.Debug|x64.Build.0 = Debug|x64
		{1D29E421-93B2-4E32-9186-7FAFC3971C5B}.Debug|Xbox 360.ActiveCfg = Debug|Xbox 360
		{1D29E421-93B2-4E32-9186-7FAFC3971C5B}.Debug|Xbox 360.Build.0 = Debug|Xbox 360
		{1D29E421-93B2-4E32-9186-7FAFC3971C5B}.Full Debug|Win32.ActiveCfg = Full Debug|Win32
		{1D29E421-93B2-4E32-9186-7FAFC3971C5B}.Full Debug|Win32.Build.0 = Full Debug|Win32
		{1D29E421-93B2-4E32-9186-7FAFC3971C5B}.Full Debug|x64.ActiveCfg = Full Debug|x64
		{1D29E421-93B2-4E32-9186-7FAFC3971C5B}.Full Debug|x64.Build.0 = Full Debug|x64
		{1D29E421-93B2-4E32-9186-7FAFC3971C5B}.Full Debug|Xbox 360.ActiveCfg = Full Debug|Xbox 360
		{1D29E421-93B2-4E32-9186-7FAFC3971C5B}.Full Debug|Xbox 360.Build.0 = Full Debug|Xbox 360
		{1D29E421-93B2-4E32-9186-7FAFC3971C5B}.Profile|Win32.ActiveCfg = Profile|Win32
		{1D29E421-93B2-4E32-9186-7FAFC3971C5B}.Profile|Win32.Build.0 = Profile|Win32
		{1D29E421-93B2-4E32-9186-7FAFC3971C5B}.Profile|x64.ActiveCfg = Profile|x64
		{1D29E421-93B2-4E32-9186-7FAFC3971C5B}.Profile|x64.Build.0 = Profile|x64
		{1D29E421-93B2-4E32-9186-7FAFC3971C5B}.Profile|Xbox 360.ActiveCfg = Profile|Xbox 360
		{1D29E421-93B2-4E32-9186-7FAFC3971C5B}.Profile|Xbox 360.Build.0 = Profile|Xbox 360
		{1D29E421-93B2-4E32-9186-7FAFC3971C5B}.PS3 Debug|Win32.ActiveCfg = Debug|Win32
		{1D29E421-93B2-4E32-9186-7FAFC3971C5B}.PS3 Debug|Win32.Build.0 = Debug|Win32
		{1D29E421-93B2-4E32-9186-7FAFC3971C5B}.PS3 Debug|x64.ActiveCfg = Debug|x64
		{1D29E421-93B2-4E32-9186-7FAFC3971C5B}.PS3 Debug|x64.Build.0 = Debug|x64
		{1D29E421-93B2-4E32-9186-7FAFC3971C5B}.PS3 Debug|Xbox 360.ActiveCfg = Debug|Xbox 360
		{1D29E421-93B2-4E32-9186-7FAFC3971C5B}.PS3 Debug|Xbox 360.Build.0 = Debug|Xbox 360
		{1D29E421-93B2-4E32-9186-7FAFC3971C5B}.PS3 Release|Win32.ActiveCfg = Profile|Xbox 360
		{1D29E421-93B2-4E32-9186-7FAFC3971C5B}.PS3 Release|x64.ActiveCfg = Profile|Xbox 360
		{1D29E421-93B2-4E32-9186-7FAFC3971C5B}.PS3 Release|Xbox 360.ActiveCfg = Profile|Xbox 360
		{1D29E421-93B2-4E32-9186-7FAFC3971C5B}.PS3 Release|Xbox 360.Build.0 = Profile|Xbox 360
		{A6741F6E-5476-4F9F-9D65-62B54AAF1D08}.Debug|Win32.ActiveCfg = Debug|Win32
		{A6741F6E-5476-4F9F-9D65-62B54AAF1D08}.Debug|Win32.Build.0 = Debug|Win32
		{A6741F6E-5476-4F9F-9D65-62B54AAF1D08}.Debug|x64.ActiveCfg = Debug|x64
		{A6741F6E-5476-4F9F-9D65-62B54AAF1D08}.Debug|x64.Build.0 = Debug|x64
		{A6741F6E-5476-4F9F-9D65-62B54AAF1D08}.Debug|Xbox 360.ActiveCfg = Debug|Xbox 360
		{A6741F6E-5476-4F9F-9D65-62B54AAF1D08}.Debug|Xbox 360.Build.0 = Debug|Xbox 360
		{A6741F6E-5476-4F9F-9D65-62B54AAF1D08}.Full Debug|Win32.ActiveCfg = Full Debug|Win32
		{A6741F6E-5476-4F9F-9D65-62B54AAF1D08}.Full Debug|Win32.Build.0 = Full Debug|Win32
		{A6741F6E-5476-4F9F-9D65-62B54AAF1D08}.Full Debug|x64.ActiveCfg = Full Debug|x64
		{A6741F6E-5476-4F9F-9D65-62B54AAF1D08}.Full Debug|x64.Build.0 = Full Debug|x64
		{A6741F6E-5476-4F9F-9D65-62B54AAF1D08}.Full Debug|Xbox 360.ActiveCfg = Full Debug|Xbox 360
		{A6741F6E-5476-4F9F-9D65-62B54AAF1D08}.Full Debug|Xbox 360.Build.0 = Full Debug|Xbox 360
		{A6741F6E-5476-4F9F-9D65-62B54AAF1D08}.Profile|Win32.ActiveCfg = Profile|Win32
		{A6741F6E-5476-4F9F-9D65-62B54AAF1D08}.Profile|Win32.Build.0 = Profile|Win32
		{A6741F6E-5476-4F9F-9D65-62B54AAF1D08}.Profile|x64.ActiveCfg = Profile|x64
		{A6741F6E-5476-4F9F-9D65-62B54AAF1D08}.Profile|x64.Build.0 = Profile|x64
		{A6741F6E-5476-4F9F-9D65-62B54AAF1D08}.Profile|Xbox 360.ActiveCfg = Profile|Xbox 360
		{A6741F6E-5476-4F9F-9D65-62B54AAF1D08}.Profile|Xbox 360.Build.0 = Profile|Xbox 360
		{A6741F6E-5476-4F9F-9D65-62B54AAF1D08}.PS3 Debug|Win32.ActiveCfg = PS3 Debug|Win32
		{A6741F6E-5476-4F9F-9D65-62B54AAF1D08}.PS3 Debug|Win32.Build.0 = PS3 Debug|Win32
		{A6741F6E-5476-4F9F-9D65-62B54AAF1D08}.PS3 Debug|x64.ActiveCfg = PS3 Debug|x64
		{A6741F6E-5476-4F9F-9D65-62B54AAF1D08}.PS3 Debug|x64.Build.0 = PS3 Debug|x64
		{A6741F6E-5476-4F9F-9D65-62B54AAF1D08}.PS3 Debug|Xbox 360.ActiveCfg = PS3 Debug|Xbox 360
		{A6741F6E-5476-4F9F-9D65-62B54AAF1D08}.PS3 Debug|Xbox 360.Build.0 = PS3 Debug|Xbox 360
		{A6741F6E-5476-4F9F-9D65-62B54AAF1D08}.PS3 Release|Win32.ActiveCfg = PS3 Release|Win32
		{A6741F6E-5476-4F9F-9D65-62B54AAF1D08}.PS3 Release|Win32.Build.0 = PS3 Release|Win32
		{A6741F6E-5476-4F9F-9D65-62B54AAF1D08}.PS3 Release|x64.ActiveCfg = PS3 Release|x64
		{A6741F6E-5476-4F9F-9D65-62B54AAF1D08}.PS3 Release|x64.Build.0 = PS3 Release|x64
		{A6741F6E-5476-4F9F-9D65-62B54AAF1D08}.PS3 Release|Xbox 360.ActiveCfg = PS3 Release|Xbox 360
		{A6741F6E-5476-4F9F-9D65-62B54AAF1D08}.PS3 Release|Xbox 360.Build.0 = PS3 Release|Xbox 360
	EndGlobalSection
	GlobalSection(SolutionProperties) = preSolution
		HideSolutionNode = FALSE
	EndGlobalSection
EndGlobal
