Microsoft Visual Studio Solution File, Format Version 9.00
# Visual Studio 2005
Project("{8BC9CEB8-8B4A-11D0-8D11-00A0C91BC942}") = "NwWrapper", "NwWrapper.vcproj", "{40E23FDB-83A1-4868-8DF8-3F9FD22E4C6A}"
	ProjectSection(WebsiteProperties) = preProject
		Debug.AspNetCompiler.Debug = "True"
		Release.AspNetCompiler.Debug = "False"
	EndProjectSection
EndProject
Global
	GlobalSection(SolutionConfigurationPlatforms) = preSolution
		Debug|Win32 = Debug|Win32
		Release|Win32 = Release|Win32
	EndGlobalSection
	GlobalSection(ProjectConfigurationPlatforms) = postSolution
		{40E23FDB-83A1-4868-8DF8-3F9FD22E4C6A}.Debug|Win32.ActiveCfg = Debug|Win32
		{40E23FDB-83A1-4868-8DF8-3F9FD22E4C6A}.Debug|Win32.Build.0 = Debug|Win32
		{40E23FDB-83A1-4868-8DF8-3F9FD22E4C6A}.Release|Win32.ActiveCfg = Release|Win32
		{40E23FDB-83A1-4868-8DF8-3F9FD22E4C6A}.Release|Win32.Build.0 = Release|Win32
	EndGlobalSection
	GlobalSection(SolutionProperties) = preSolution
		HideSolutionNode = FALSE
	EndGlobalSection
EndGlobal
