Microsoft Visual Studio Solution File, Format Version 8.00
Project("{8BC9CEB8-8B4A-11D0-8D11-00A0C91BC942}") = "netperf", "netperf.vcproj", "{1D76621F-5CAE-4657-8463-8B68B5662816}"
	ProjectSection(ProjectDependencies) = postProject
	EndProjectSection
EndProject
Global
	GlobalSection(SolutionConfiguration) = preSolution
		Debug = Debug
		Release = Release
	EndGlobalSection
	GlobalSection(ProjectConfiguration) = postSolution
		{1D76621F-5CAE-4657-8463-8B68B5662816}.Debug.ActiveCfg = Debug|Win32
		{1D76621F-5CAE-4657-8463-8B68B5662816}.Debug.Build.0 = Debug|Win32
		{1D76621F-5CAE-4657-8463-8B68B5662816}.Release.ActiveCfg = Release|Win32
		{1D76621F-5CAE-4657-8463-8B68B5662816}.Release.Build.0 = Release|Win32
	EndGlobalSection
	GlobalSection(ExtensibilityGlobals) = postSolution
	EndGlobalSection
	GlobalSection(ExtensibilityAddIns) = postSolution
	EndGlobalSection
EndGlobal
