
Microsoft Visual Studio Solution File, Format Version 11.00
# Visual Studio 2010
# Generated by SolutionGen
Project("{8BC9CEB8-8B4A-11D0-8D11-00A0C91BC942}") = "CrashTest", "..\Utilities\CrashTest\CrashTest.vcxproj", "{17770FA1-5E0E-470F-B0A1-B231EAE215D7}"
EndProject
Project("{8BC9CEB8-8B4A-11D0-8D11-00A0C91BC942}") = "ContinuousBuilder", "..\Utilities\ContinuousBuilder\ContinuousBuilder.vcxproj", "{583BDBB1-C672-4299-ADD1-A8568517012C}"
EndProject
Project("{8BC9CEB8-8B4A-11D0-8D11-00A0C91BC942}") = "CrypticError", "..\Utilities\CrypticError\CrypticError.vcxproj", "{17770FA1-5D0E-479F-B0A1-B531DAE215D1}"
EndProject
Project("{8BC9CEB8-8B4A-11D0-8D11-00A0C91BC942}") = "ErrorTracker", "..\Utilities\ErrorTracker\ErrorTracker.vcxproj", "{17770FA1-5D0E-479F-B0A1-B891EAE445D7}"
EndProject
Project("{8BC9CEB8-8B4A-11D0-8D11-00A0C91BC942}") = "ErrorTrackerHandler", "..\Utilities\ErrorTrackerHandler\ErrorTrackerHandler.vcxproj", "{17770FA1-5D0E-479F-B0A1-B891EAE445D9}"
EndProject
Project("{8BC9CEB8-8B4A-11D0-8D11-00A0C91BC942}") = "ErrorTrackerLib", "..\libs\ErrorTrackerLib\ErrorTrackerLib.vcxproj", "{2ABB94EC-3E38-48BD-B97F-5B46328A4AEF}"
EndProject
Project("{8BC9CEB8-8B4A-11D0-8D11-00A0C91BC942}") = "HttpLib", "..\libs\HttpLib\HttpLib.vcxproj", "{2ACC94EC-3E38-48BD-B97F-5B46328A4AEF}"
EndProject
Project("{8BC9CEB8-8B4A-11D0-8D11-00A0C91BC942}") = "HttpLibTest", "..\TestSuites\HttpLibTest\HttpLibTest.vcxproj", "{FE21AC1A-42BE-42C2-B399-7E1013CBC2D4}"
EndProject
Project("{8BC9CEB8-8B4A-11D0-8D11-00A0C91BC942}") = "PatchClientLib", "..\libs\PatchClientLib\PatchClientLib.vcxproj", "{487DB8D6-6FAF-4E86-9800-75088911A703}"
EndProject
Project("{8BC9CEB8-8B4A-11D0-8D11-00A0C91BC942}") = "ServerLib", "..\libs\ServerLib\ServerLib.vcxproj", "{DD475A7C-B1D4-43C4-ACB7-D73C24BE1EB7}"
EndProject
Project("{8BC9CEB8-8B4A-11D0-8D11-00A0C91BC942}") = "StructParserStub", "..\libs\StructParserStub\StructParserStub.vcxproj", "{1D29E421-93B2-4E32-9186-7FAFC3971C5B}"
EndProject
Project("{8BC9CEB8-8B4A-11D0-8D11-00A0C91BC942}") = "SymServLookup", "..\Utilities\SymServLookup\SymServLookup.vcxproj", "{9FC80A72-7B4E-40CE-9294-4E6AFD4DFBF8}"
EndProject
Project("{8BC9CEB8-8B4A-11D0-8D11-00A0C91BC942}") = "TicketTrackerLib", "..\libs\TicketTrackerLib\TicketTrackerLib.vcxproj", "{1AE9595D-538A-47A6-99D5-79A11EBFF928}"
EndProject
Project("{8BC9CEB8-8B4A-11D0-8D11-00A0C91BC942}") = "UtilitiesLib", "..\libs\UtilitiesLib\UtilitiesLib.vcxproj", "{A6741F6E-5476-4F9F-9D65-62B54AAF1D08}"
EndProject
Project("{8BC9CEB8-8B4A-11D0-8D11-00A0C91BC942}") = "UtilitiesLibTest", "..\TestSuites\UtilitiesLibTest\UtilitiesLibTest.vcxproj", "{57F9909D-40B7-4D36-9F16-0322438A1EDC}"
EndProject
Global
	GlobalSection(SolutionConfigurationPlatforms) = preSolution
		Code Coverage|Win32 = Code Coverage|Win32
		Code Coverage|x64 = Code Coverage|x64
		Debug|Win32 = Debug|Win32
		Debug|x64 = Debug|x64
		Full Debug|Win32 = Full Debug|Win32
		Full Debug|x64 = Full Debug|x64
	EndGlobalSection
	GlobalSection(ProjectConfigurationPlatforms) = postSolution
		{17770FA1-5E0E-470F-B0A1-B231EAE215D7}.Code Coverage|Win32.ActiveCfg = Debug|Win32
		{17770FA1-5E0E-470F-B0A1-B231EAE215D7}.Code Coverage|Win32.Build.0 = Debug|Win32
		{17770FA1-5E0E-470F-B0A1-B231EAE215D7}.Code Coverage|x64.ActiveCfg = Debug|x64
		{17770FA1-5E0E-470F-B0A1-B231EAE215D7}.Code Coverage|x64.Build.0 = Debug|x64
		{17770FA1-5E0E-470F-B0A1-B231EAE215D7}.Debug|Win32.ActiveCfg = Debug|Win32
		{17770FA1-5E0E-470F-B0A1-B231EAE215D7}.Debug|Win32.Build.0 = Debug|Win32
		{17770FA1-5E0E-470F-B0A1-B231EAE215D7}.Debug|x64.ActiveCfg = Debug|x64
		{17770FA1-5E0E-470F-B0A1-B231EAE215D7}.Debug|x64.Build.0 = Debug|x64
		{17770FA1-5E0E-470F-B0A1-B231EAE215D7}.Full Debug|Win32.ActiveCfg = Full Debug|Win32
		{17770FA1-5E0E-470F-B0A1-B231EAE215D7}.Full Debug|Win32.Build.0 = Full Debug|Win32
		{17770FA1-5E0E-470F-B0A1-B231EAE215D7}.Full Debug|x64.ActiveCfg = Full Debug|x64
		{17770FA1-5E0E-470F-B0A1-B231EAE215D7}.Full Debug|x64.Build.0 = Full Debug|x64
		{583BDBB1-C672-4299-ADD1-A8568517012C}.Code Coverage|Win32.ActiveCfg = Debug|Win32
		{583BDBB1-C672-4299-ADD1-A8568517012C}.Code Coverage|Win32.Build.0 = Debug|Win32
		{583BDBB1-C672-4299-ADD1-A8568517012C}.Code Coverage|x64.ActiveCfg = Debug|Win32
		{583BDBB1-C672-4299-ADD1-A8568517012C}.Debug|Win32.ActiveCfg = Debug|Win32
		{583BDBB1-C672-4299-ADD1-A8568517012C}.Debug|Win32.Build.0 = Debug|Win32
		{583BDBB1-C672-4299-ADD1-A8568517012C}.Debug|x64.ActiveCfg = Debug|Win32
		{583BDBB1-C672-4299-ADD1-A8568517012C}.Full Debug|Win32.ActiveCfg = Full Debug|Win32
		{583BDBB1-C672-4299-ADD1-A8568517012C}.Full Debug|Win32.Build.0 = Full Debug|Win32
		{583BDBB1-C672-4299-ADD1-A8568517012C}.Full Debug|x64.ActiveCfg = Debug|Win32
		{17770FA1-5D0E-479F-B0A1-B531DAE215D1}.Code Coverage|Win32.ActiveCfg = Debug|Win32
		{17770FA1-5D0E-479F-B0A1-B531DAE215D1}.Code Coverage|Win32.Build.0 = Debug|Win32
		{17770FA1-5D0E-479F-B0A1-B531DAE215D1}.Code Coverage|x64.ActiveCfg = Debug|x64
		{17770FA1-5D0E-479F-B0A1-B531DAE215D1}.Code Coverage|x64.Build.0 = Debug|x64
		{17770FA1-5D0E-479F-B0A1-B531DAE215D1}.Debug|Win32.ActiveCfg = Debug|Win32
		{17770FA1-5D0E-479F-B0A1-B531DAE215D1}.Debug|Win32.Build.0 = Debug|Win32
		{17770FA1-5D0E-479F-B0A1-B531DAE215D1}.Debug|x64.ActiveCfg = Debug|x64
		{17770FA1-5D0E-479F-B0A1-B531DAE215D1}.Debug|x64.Build.0 = Debug|x64
		{17770FA1-5D0E-479F-B0A1-B531DAE215D1}.Full Debug|Win32.ActiveCfg = Full Debug|Win32
		{17770FA1-5D0E-479F-B0A1-B531DAE215D1}.Full Debug|Win32.Build.0 = Full Debug|Win32
		{17770FA1-5D0E-479F-B0A1-B531DAE215D1}.Full Debug|x64.ActiveCfg = Full Debug|x64
		{17770FA1-5D0E-479F-B0A1-B531DAE215D1}.Full Debug|x64.Build.0 = Full Debug|x64
		{17770FA1-5D0E-479F-B0A1-B891EAE445D7}.Code Coverage|Win32.ActiveCfg = Debug|Win32
		{17770FA1-5D0E-479F-B0A1-B891EAE445D7}.Code Coverage|Win32.Build.0 = Debug|Win32
		{17770FA1-5D0E-479F-B0A1-B891EAE445D7}.Code Coverage|x64.ActiveCfg = Debug|x64
		{17770FA1-5D0E-479F-B0A1-B891EAE445D7}.Code Coverage|x64.Build.0 = Debug|x64
		{17770FA1-5D0E-479F-B0A1-B891EAE445D7}.Debug|Win32.ActiveCfg = Debug|Win32
		{17770FA1-5D0E-479F-B0A1-B891EAE445D7}.Debug|Win32.Build.0 = Debug|Win32
		{17770FA1-5D0E-479F-B0A1-B891EAE445D7}.Debug|x64.ActiveCfg = Debug|x64
		{17770FA1-5D0E-479F-B0A1-B891EAE445D7}.Debug|x64.Build.0 = Debug|x64
		{17770FA1-5D0E-479F-B0A1-B891EAE445D7}.Full Debug|Win32.ActiveCfg = Full Debug|Win32
		{17770FA1-5D0E-479F-B0A1-B891EAE445D7}.Full Debug|Win32.Build.0 = Full Debug|Win32
		{17770FA1-5D0E-479F-B0A1-B891EAE445D7}.Full Debug|x64.ActiveCfg = Full Debug|x64
		{17770FA1-5D0E-479F-B0A1-B891EAE445D7}.Full Debug|x64.Build.0 = Full Debug|x64
		{17770FA1-5D0E-479F-B0A1-B891EAE445D9}.Code Coverage|Win32.ActiveCfg = Debug|Win32
		{17770FA1-5D0E-479F-B0A1-B891EAE445D9}.Code Coverage|Win32.Build.0 = Debug|Win32
		{17770FA1-5D0E-479F-B0A1-B891EAE445D9}.Code Coverage|x64.ActiveCfg = Debug|Win32
		{17770FA1-5D0E-479F-B0A1-B891EAE445D9}.Debug|Win32.ActiveCfg = Debug|Win32
		{17770FA1-5D0E-479F-B0A1-B891EAE445D9}.Debug|Win32.Build.0 = Debug|Win32
		{17770FA1-5D0E-479F-B0A1-B891EAE445D9}.Debug|x64.ActiveCfg = Debug|Win32
		{17770FA1-5D0E-479F-B0A1-B891EAE445D9}.Full Debug|Win32.ActiveCfg = Full Debug|Win32
		{17770FA1-5D0E-479F-B0A1-B891EAE445D9}.Full Debug|Win32.Build.0 = Full Debug|Win32
		{17770FA1-5D0E-479F-B0A1-B891EAE445D9}.Full Debug|x64.ActiveCfg = Debug|Win32
		{2ABB94EC-3E38-48BD-B97F-5B46328A4AEF}.Code Coverage|Win32.ActiveCfg = Debug|Win32
		{2ABB94EC-3E38-48BD-B97F-5B46328A4AEF}.Code Coverage|Win32.Build.0 = Debug|Win32
		{2ABB94EC-3E38-48BD-B97F-5B46328A4AEF}.Code Coverage|x64.ActiveCfg = Debug|x64
		{2ABB94EC-3E38-48BD-B97F-5B46328A4AEF}.Code Coverage|x64.Build.0 = Debug|x64
		{2ABB94EC-3E38-48BD-B97F-5B46328A4AEF}.Debug|Win32.ActiveCfg = Debug|Win32
		{2ABB94EC-3E38-48BD-B97F-5B46328A4AEF}.Debug|Win32.Build.0 = Debug|Win32
		{2ABB94EC-3E38-48BD-B97F-5B46328A4AEF}.Debug|x64.ActiveCfg = Debug|x64
		{2ABB94EC-3E38-48BD-B97F-5B46328A4AEF}.Debug|x64.Build.0 = Debug|x64
		{2ABB94EC-3E38-48BD-B97F-5B46328A4AEF}.Full Debug|Win32.ActiveCfg = Full Debug|Win32
		{2ABB94EC-3E38-48BD-B97F-5B46328A4AEF}.Full Debug|Win32.Build.0 = Full Debug|Win32
		{2ABB94EC-3E38-48BD-B97F-5B46328A4AEF}.Full Debug|x64.ActiveCfg = Full Debug|x64
		{2ABB94EC-3E38-48BD-B97F-5B46328A4AEF}.Full Debug|x64.Build.0 = Full Debug|x64
		{2ACC94EC-3E38-48BD-B97F-5B46328A4AEF}.Code Coverage|Win32.ActiveCfg = Code Coverage|Win32
		{2ACC94EC-3E38-48BD-B97F-5B46328A4AEF}.Code Coverage|Win32.Build.0 = Code Coverage|Win32
		{2ACC94EC-3E38-48BD-B97F-5B46328A4AEF}.Code Coverage|x64.ActiveCfg = Code Coverage|x64
		{2ACC94EC-3E38-48BD-B97F-5B46328A4AEF}.Code Coverage|x64.Build.0 = Code Coverage|x64
		{2ACC94EC-3E38-48BD-B97F-5B46328A4AEF}.Debug|Win32.ActiveCfg = Debug|Win32
		{2ACC94EC-3E38-48BD-B97F-5B46328A4AEF}.Debug|Win32.Build.0 = Debug|Win32
		{2ACC94EC-3E38-48BD-B97F-5B46328A4AEF}.Debug|x64.ActiveCfg = Debug|x64
		{2ACC94EC-3E38-48BD-B97F-5B46328A4AEF}.Debug|x64.Build.0 = Debug|x64
		{2ACC94EC-3E38-48BD-B97F-5B46328A4AEF}.Full Debug|Win32.ActiveCfg = Full Debug|Win32
		{2ACC94EC-3E38-48BD-B97F-5B46328A4AEF}.Full Debug|Win32.Build.0 = Full Debug|Win32
		{2ACC94EC-3E38-48BD-B97F-5B46328A4AEF}.Full Debug|x64.ActiveCfg = Full Debug|x64
		{2ACC94EC-3E38-48BD-B97F-5B46328A4AEF}.Full Debug|x64.Build.0 = Full Debug|x64
		{FE21AC1A-42BE-42C2-B399-7E1013CBC2D4}.Code Coverage|Win32.ActiveCfg = Debug|Win32
		{FE21AC1A-42BE-42C2-B399-7E1013CBC2D4}.Code Coverage|Win32.Build.0 = Debug|Win32
		{FE21AC1A-42BE-42C2-B399-7E1013CBC2D4}.Code Coverage|x64.ActiveCfg = Debug|x64
		{FE21AC1A-42BE-42C2-B399-7E1013CBC2D4}.Code Coverage|x64.Build.0 = Debug|x64
		{FE21AC1A-42BE-42C2-B399-7E1013CBC2D4}.Debug|Win32.ActiveCfg = Debug|Win32
		{FE21AC1A-42BE-42C2-B399-7E1013CBC2D4}.Debug|Win32.Build.0 = Debug|Win32
		{FE21AC1A-42BE-42C2-B399-7E1013CBC2D4}.Debug|x64.ActiveCfg = Debug|x64
		{FE21AC1A-42BE-42C2-B399-7E1013CBC2D4}.Debug|x64.Build.0 = Debug|x64
		{FE21AC1A-42BE-42C2-B399-7E1013CBC2D4}.Full Debug|Win32.ActiveCfg = Full Debug|Win32
		{FE21AC1A-42BE-42C2-B399-7E1013CBC2D4}.Full Debug|Win32.Build.0 = Full Debug|Win32
		{FE21AC1A-42BE-42C2-B399-7E1013CBC2D4}.Full Debug|x64.ActiveCfg = Full Debug|x64
		{FE21AC1A-42BE-42C2-B399-7E1013CBC2D4}.Full Debug|x64.Build.0 = Full Debug|x64
		{487DB8D6-6FAF-4E86-9800-75088911A703}.Code Coverage|Win32.ActiveCfg = Code Coverage|Win32
		{487DB8D6-6FAF-4E86-9800-75088911A703}.Code Coverage|Win32.Build.0 = Code Coverage|Win32
		{487DB8D6-6FAF-4E86-9800-75088911A703}.Code Coverage|x64.ActiveCfg = Code Coverage|x64
		{487DB8D6-6FAF-4E86-9800-75088911A703}.Code Coverage|x64.Build.0 = Code Coverage|x64
		{487DB8D6-6FAF-4E86-9800-75088911A703}.Debug|Win32.ActiveCfg = Debug|Win32
		{487DB8D6-6FAF-4E86-9800-75088911A703}.Debug|Win32.Build.0 = Debug|Win32
		{487DB8D6-6FAF-4E86-9800-75088911A703}.Debug|x64.ActiveCfg = Debug|x64
		{487DB8D6-6FAF-4E86-9800-75088911A703}.Debug|x64.Build.0 = Debug|x64
		{487DB8D6-6FAF-4E86-9800-75088911A703}.Full Debug|Win32.ActiveCfg = Full Debug|Win32
		{487DB8D6-6FAF-4E86-9800-75088911A703}.Full Debug|Win32.Build.0 = Full Debug|Win32
		{487DB8D6-6FAF-4E86-9800-75088911A703}.Full Debug|x64.ActiveCfg = Full Debug|x64
		{487DB8D6-6FAF-4E86-9800-75088911A703}.Full Debug|x64.Build.0 = Full Debug|x64
		{DD475A7C-B1D4-43C4-ACB7-D73C24BE1EB7}.Code Coverage|Win32.ActiveCfg = Code Coverage|Win32
		{DD475A7C-B1D4-43C4-ACB7-D73C24BE1EB7}.Code Coverage|Win32.Build.0 = Code Coverage|Win32
		{DD475A7C-B1D4-43C4-ACB7-D73C24BE1EB7}.Code Coverage|x64.ActiveCfg = Code Coverage|x64
		{DD475A7C-B1D4-43C4-ACB7-D73C24BE1EB7}.Code Coverage|x64.Build.0 = Code Coverage|x64
		{DD475A7C-B1D4-43C4-ACB7-D73C24BE1EB7}.Debug|Win32.ActiveCfg = Debug|Win32
		{DD475A7C-B1D4-43C4-ACB7-D73C24BE1EB7}.Debug|Win32.Build.0 = Debug|Win32
		{DD475A7C-B1D4-43C4-ACB7-D73C24BE1EB7}.Debug|x64.ActiveCfg = Debug|x64
		{DD475A7C-B1D4-43C4-ACB7-D73C24BE1EB7}.Debug|x64.Build.0 = Debug|x64
		{DD475A7C-B1D4-43C4-ACB7-D73C24BE1EB7}.Full Debug|Win32.ActiveCfg = Full Debug|Win32
		{DD475A7C-B1D4-43C4-ACB7-D73C24BE1EB7}.Full Debug|Win32.Build.0 = Full Debug|Win32
		{DD475A7C-B1D4-43C4-ACB7-D73C24BE1EB7}.Full Debug|x64.ActiveCfg = Full Debug|x64
		{DD475A7C-B1D4-43C4-ACB7-D73C24BE1EB7}.Full Debug|x64.Build.0 = Full Debug|x64
		{1D29E421-93B2-4E32-9186-7FAFC3971C5B}.Code Coverage|Win32.ActiveCfg = Debug|Win32
		{1D29E421-93B2-4E32-9186-7FAFC3971C5B}.Code Coverage|Win32.Build.0 = Debug|Win32
		{1D29E421-93B2-4E32-9186-7FAFC3971C5B}.Code Coverage|x64.ActiveCfg = Debug|x64
		{1D29E421-93B2-4E32-9186-7FAFC3971C5B}.Code Coverage|x64.Build.0 = Debug|x64
		{1D29E421-93B2-4E32-9186-7FAFC3971C5B}.Debug|Win32.ActiveCfg = Debug|Win32
		{1D29E421-93B2-4E32-9186-7FAFC3971C5B}.Debug|Win32.Build.0 = Debug|Win32
		{1D29E421-93B2-4E32-9186-7FAFC3971C5B}.Debug|x64.ActiveCfg = Debug|x64
		{1D29E421-93B2-4E32-9186-7FAFC3971C5B}.Debug|x64.Build.0 = Debug|x64
		{1D29E421-93B2-4E32-9186-7FAFC3971C5B}.Full Debug|Win32.ActiveCfg = Full Debug|Win32
		{1D29E421-93B2-4E32-9186-7FAFC3971C5B}.Full Debug|Win32.Build.0 = Full Debug|Win32
		{1D29E421-93B2-4E32-9186-7FAFC3971C5B}.Full Debug|x64.ActiveCfg = Full Debug|x64
		{1D29E421-93B2-4E32-9186-7FAFC3971C5B}.Full Debug|x64.Build.0 = Full Debug|x64
		{9FC80A72-7B4E-40CE-9294-4E6AFD4DFBF8}.Code Coverage|Win32.ActiveCfg = Debug|Win32
		{9FC80A72-7B4E-40CE-9294-4E6AFD4DFBF8}.Code Coverage|Win32.Build.0 = Debug|Win32
		{9FC80A72-7B4E-40CE-9294-4E6AFD4DFBF8}.Code Coverage|x64.ActiveCfg = Debug|x64
		{9FC80A72-7B4E-40CE-9294-4E6AFD4DFBF8}.Code Coverage|x64.Build.0 = Debug|x64
		{9FC80A72-7B4E-40CE-9294-4E6AFD4DFBF8}.Debug|Win32.ActiveCfg = Debug|Win32
		{9FC80A72-7B4E-40CE-9294-4E6AFD4DFBF8}.Debug|Win32.Build.0 = Debug|Win32
		{9FC80A72-7B4E-40CE-9294-4E6AFD4DFBF8}.Debug|x64.ActiveCfg = Debug|x64
		{9FC80A72-7B4E-40CE-9294-4E6AFD4DFBF8}.Debug|x64.Build.0 = Debug|x64
		{9FC80A72-7B4E-40CE-9294-4E6AFD4DFBF8}.Full Debug|Win32.ActiveCfg = Full Debug|Win32
		{9FC80A72-7B4E-40CE-9294-4E6AFD4DFBF8}.Full Debug|Win32.Build.0 = Full Debug|Win32
		{9FC80A72-7B4E-40CE-9294-4E6AFD4DFBF8}.Full Debug|x64.ActiveCfg = Full Debug|x64
		{9FC80A72-7B4E-40CE-9294-4E6AFD4DFBF8}.Full Debug|x64.Build.0 = Full Debug|x64
		{1AE9595D-538A-47A6-99D5-79A11EBFF928}.Code Coverage|Win32.ActiveCfg = Debug|Win32
		{1AE9595D-538A-47A6-99D5-79A11EBFF928}.Code Coverage|Win32.Build.0 = Debug|Win32
		{1AE9595D-538A-47A6-99D5-79A11EBFF928}.Code Coverage|x64.ActiveCfg = Debug|x64
		{1AE9595D-538A-47A6-99D5-79A11EBFF928}.Code Coverage|x64.Build.0 = Debug|x64
		{1AE9595D-538A-47A6-99D5-79A11EBFF928}.Debug|Win32.ActiveCfg = Debug|Win32
		{1AE9595D-538A-47A6-99D5-79A11EBFF928}.Debug|Win32.Build.0 = Debug|Win32
		{1AE9595D-538A-47A6-99D5-79A11EBFF928}.Debug|x64.ActiveCfg = Debug|x64
		{1AE9595D-538A-47A6-99D5-79A11EBFF928}.Debug|x64.Build.0 = Debug|x64
		{1AE9595D-538A-47A6-99D5-79A11EBFF928}.Full Debug|Win32.ActiveCfg = Full Debug|Win32
		{1AE9595D-538A-47A6-99D5-79A11EBFF928}.Full Debug|Win32.Build.0 = Full Debug|Win32
		{1AE9595D-538A-47A6-99D5-79A11EBFF928}.Full Debug|x64.ActiveCfg = Full Debug|x64
		{1AE9595D-538A-47A6-99D5-79A11EBFF928}.Full Debug|x64.Build.0 = Full Debug|x64
		{A6741F6E-5476-4F9F-9D65-62B54AAF1D08}.Code Coverage|Win32.ActiveCfg = Code Coverage|Win32
		{A6741F6E-5476-4F9F-9D65-62B54AAF1D08}.Code Coverage|Win32.Build.0 = Code Coverage|Win32
		{A6741F6E-5476-4F9F-9D65-62B54AAF1D08}.Code Coverage|x64.ActiveCfg = Code Coverage|x64
		{A6741F6E-5476-4F9F-9D65-62B54AAF1D08}.Code Coverage|x64.Build.0 = Code Coverage|x64
		{A6741F6E-5476-4F9F-9D65-62B54AAF1D08}.Debug|Win32.ActiveCfg = Debug|Win32
		{A6741F6E-5476-4F9F-9D65-62B54AAF1D08}.Debug|Win32.Build.0 = Debug|Win32
		{A6741F6E-5476-4F9F-9D65-62B54AAF1D08}.Debug|x64.ActiveCfg = Debug|x64
		{A6741F6E-5476-4F9F-9D65-62B54AAF1D08}.Debug|x64.Build.0 = Debug|x64
		{A6741F6E-5476-4F9F-9D65-62B54AAF1D08}.Full Debug|Win32.ActiveCfg = Full Debug|Win32
		{A6741F6E-5476-4F9F-9D65-62B54AAF1D08}.Full Debug|Win32.Build.0 = Full Debug|Win32
		{A6741F6E-5476-4F9F-9D65-62B54AAF1D08}.Full Debug|x64.ActiveCfg = Full Debug|x64
		{A6741F6E-5476-4F9F-9D65-62B54AAF1D08}.Full Debug|x64.Build.0 = Full Debug|x64
		{57F9909D-40B7-4D36-9F16-0322438A1EDC}.Code Coverage|Win32.ActiveCfg = Debug|Win32
		{57F9909D-40B7-4D36-9F16-0322438A1EDC}.Code Coverage|Win32.Build.0 = Debug|Win32
		{57F9909D-40B7-4D36-9F16-0322438A1EDC}.Code Coverage|x64.ActiveCfg = Debug|x64
		{57F9909D-40B7-4D36-9F16-0322438A1EDC}.Code Coverage|x64.Build.0 = Debug|x64
		{57F9909D-40B7-4D36-9F16-0322438A1EDC}.Debug|Win32.ActiveCfg = Debug|Win32
		{57F9909D-40B7-4D36-9F16-0322438A1EDC}.Debug|Win32.Build.0 = Debug|Win32
		{57F9909D-40B7-4D36-9F16-0322438A1EDC}.Debug|x64.ActiveCfg = Debug|x64
		{57F9909D-40B7-4D36-9F16-0322438A1EDC}.Debug|x64.Build.0 = Debug|x64
		{57F9909D-40B7-4D36-9F16-0322438A1EDC}.Full Debug|Win32.ActiveCfg = Full Debug|Win32
		{57F9909D-40B7-4D36-9F16-0322438A1EDC}.Full Debug|Win32.Build.0 = Full Debug|Win32
		{57F9909D-40B7-4D36-9F16-0322438A1EDC}.Full Debug|x64.ActiveCfg = Full Debug|x64
		{57F9909D-40B7-4D36-9F16-0322438A1EDC}.Full Debug|x64.Build.0 = Full Debug|x64
	EndGlobalSection
	GlobalSection(SolutionProperties) = preSolution
		HideSolutionNode = FALSE
	EndGlobalSection
EndGlobal
