
Microsoft Visual Studio Solution File, Format Version 11.00
# Visual Studio 2010
# Generated by SolutionGen
Project("{8BC9CEB8-8B4A-11D0-8D11-00A0C91BC942}") = "AccountServer", "..\CrossRoads\AccountServer\AccountServer.vcxproj", "{04792CF5-2B2F-4583-8F92-4BE126E31373}"
EndProject
Project("{8BC9CEB8-8B4A-11D0-8D11-00A0C91BC942}") = "CBMonitor", "..\Utilities\CBMonitor\CBMonitor.vcxproj", "{8BC9CEB8-8B4A-11D0-8D11-00A0C91BC942}"
EndProject
Project("{8BC9CEB8-8B4A-11D0-8D11-00A0C91BC942}") = "ClusterController", "..\Core\ClusterController\ClusterController.vcxproj", "{026F9801-EE19-46E9-85AC-DFDA6D08556E}"
EndProject
Project("{8BC9CEB8-8B4A-11D0-8D11-00A0C91BC942}") = "ContentLib", "..\libs\ContentLib\ContentLib.vcxproj", "{869105E2-8AF2-4E48-A4D3-7B3E31441777}"
EndProject
Project("{8BC9CEB8-8B4A-11D0-8D11-00A0C91BC942}") = "Controller", "..\Core\Controller\Controller.vcxproj", "{47F799DE-33B7-453D-AFFD-F1166A5B721C}"
EndProject
Project("{8BC9CEB8-8B4A-11D0-8D11-00A0C91BC942}") = "CSRTicketTracker", "..\Core\CSRTicketTracker\CSRTicketTracker.vcxproj", "{F9804FDE-1846-44E8-B1CE-5DFF7DBB6EA8}"
EndProject
Project("{8BC9CEB8-8B4A-11D0-8D11-00A0C91BC942}") = "DBScript", "..\Utilities\DBScript\DBScript.vcxproj", "{17770FA1-5D0E-479F-B0A1-B831EAE21735}"
EndProject
Project("{8BC9CEB8-8B4A-11D0-8D11-00A0C91BC942}") = "ErrorTracker", "..\Utilities\ErrorTracker\ErrorTracker.vcxproj", "{17770FA1-5D0E-479F-B0A1-B891EAE445D7}"
EndProject
Project("{8BC9CEB8-8B4A-11D0-8D11-00A0C91BC942}") = "ErrorTrackerLib", "..\libs\ErrorTrackerLib\ErrorTrackerLib.vcxproj", "{2ABB94EC-3E38-48BD-B97F-5B46328A4AEF}"
EndProject
Project("{8BC9CEB8-8B4A-11D0-8D11-00A0C91BC942}") = "GameClientLib", "..\CrossRoads\GameClientLib\GameClientLib.vcxproj", "{88888318-9AD9-4149-9CBD-07BA24320884}"
EndProject
Project("{8BC9CEB8-8B4A-11D0-8D11-00A0C91BC942}") = "GameServerLib", "..\CrossRoads\GameServerLib\GameServerLib.vcxproj", "{99999999-9AD9-4149-9CBD-07BA24320884}"
EndProject
Project("{8BC9CEB8-8B4A-11D0-8D11-00A0C91BC942}") = "GlobalChatServer", "..\Core\GlobalChatServer\GlobalChatServer.vcxproj", "{57853D56-1B5B-478F-99BA-874893F46688}"
EndProject
Project("{8BC9CEB8-8B4A-11D0-8D11-00A0C91BC942}") = "HttpLib", "..\libs\HttpLib\HttpLib.vcxproj", "{2ACC94EC-3E38-48BD-B97F-5B46328A4AEF}"
EndProject
Project("{8BC9CEB8-8B4A-11D0-8D11-00A0C91BC942}") = "HttpLibTest", "..\TestSuites\HttpLibTest\HttpLibTest.vcxproj", "{FE21AC1A-42BE-42C2-B399-7E1013CBC2D4}"
EndProject
Project("{8BC9CEB8-8B4A-11D0-8D11-00A0C91BC942}") = "LoginHammer", "..\Utilities\LoginHammer\LoginHammer.vcxproj", "{F25CAE5A-AA0D-41C8-A84E-7139C0FA2F39}"
EndProject
Project("{8BC9CEB8-8B4A-11D0-8D11-00A0C91BC942}") = "LogParser", "..\Core\LogParser\LogParser.vcxproj", "{C88AA743-F9F7-4081-AA5D-E677AC324C50}"
EndProject
Project("{8BC9CEB8-8B4A-11D0-8D11-00A0C91BC942}") = "LuaScriptLib", "..\libs\LuaScriptLib\LuaScriptLib.vcxproj", "{A487C9FA-C156-4393-AC6D-3F7B76328E03}"
EndProject
Project("{8BC9CEB8-8B4A-11D0-8D11-00A0C91BC942}") = "NewControllerTracker", "..\Core\NewControllerTracker\NewControllerTracker.vcxproj", "{84FF68D8-86A4-4368-85DE-F9121A7FB942}"
EndProject
Project("{8BC9CEB8-8B4A-11D0-8D11-00A0C91BC942}") = "NotesServer", "..\Utilities\NotesServer\NotesServer.vcxproj", "{648B5BB5-F9A6-4C96-AABF-B286F29A6C63}"
EndProject
Project("{8BC9CEB8-8B4A-11D0-8D11-00A0C91BC942}") = "ObjectDB", "..\Core\ObjectDB\ObjectDB.vcxproj", "{581FBCF3-270A-4CE6-A071-94740181489A}"
EndProject
Project("{8BC9CEB8-8B4A-11D0-8D11-00A0C91BC942}") = "Overlord", "..\Core\Overlord\Overlord.vcxproj", "{B61EEF46-FC3E-4656-9BD9-BAF9D5690CBE}"
EndProject
Project("{8BC9CEB8-8B4A-11D0-8D11-00A0C91BC942}") = "PatchClient", "..\Utilities\PatchClient\PatchClient.vcxproj", "{4EA404A5-51B5-4C29-B9A7-28789C4BF525}"
EndProject
Project("{8BC9CEB8-8B4A-11D0-8D11-00A0C91BC942}") = "PatchClientLib", "..\libs\PatchClientLib\PatchClientLib.vcxproj", "{487DB8D6-6FAF-4E86-9800-75088911A703}"
EndProject
Project("{8BC9CEB8-8B4A-11D0-8D11-00A0C91BC942}") = "PatchServer", "..\Utilities\PatchServer\PatchServer.vcxproj", "{C7963727-C880-4052-89C4-E61E1911AEC0}"
EndProject
Project("{8BC9CEB8-8B4A-11D0-8D11-00A0C91BC942}") = "PythonLib", "..\libs\PythonLib\PythonLib.vcxproj", "{6536693A-163F-4D6C-B2EA-AD8FF3D8924C}"
EndProject
Project("{8BC9CEB8-8B4A-11D0-8D11-00A0C91BC942}") = "RevisionFinder", "..\Utilities\RevisionFinder\RevisionFinder.vcxproj", "{647F995D-E673-7CB2-751E-91DEAEFA2636}"
EndProject
Project("{8BC9CEB8-8B4A-11D0-8D11-00A0C91BC942}") = "ServerLib", "..\libs\ServerLib\ServerLib.vcxproj", "{DD475A7C-B1D4-43C4-ACB7-D73C24BE1EB7}"
EndProject
Project("{8BC9CEB8-8B4A-11D0-8D11-00A0C91BC942}") = "ShardLauncher", "..\Utilities\ShardLauncher\ShardLauncher.vcxproj", "{FAB11A24-9AEF-4B62-86C9-23A0A224CD1A}"
EndProject
Project("{8BC9CEB8-8B4A-11D0-8D11-00A0C91BC942}") = "StructParserStub", "..\libs\StructParserStub\StructParserStub.vcxproj", "{1D29E421-93B2-4E32-9186-7FAFC3971C5B}"
EndProject
Project("{8BC9CEB8-8B4A-11D0-8D11-00A0C91BC942}") = "SymServLookup", "..\Utilities\SymServLookup\SymServLookup.vcxproj", "{9FC80A72-7B4E-40CE-9294-4E6AFD4DFBF8}"
EndProject
Project("{8BC9CEB8-8B4A-11D0-8D11-00A0C91BC942}") = "TestServer", "..\Core\TestServer\TestServer.vcxproj", "{B9B00807-EB09-4865-BCBE-E66079DE0119}"
EndProject
Project("{8BC9CEB8-8B4A-11D0-8D11-00A0C91BC942}") = "TicketTrackerLib", "..\libs\TicketTrackerLib\TicketTrackerLib.vcxproj", "{1AE9595D-538A-47A6-99D5-79A11EBFF928}"
EndProject
Project("{8BC9CEB8-8B4A-11D0-8D11-00A0C91BC942}") = "UtilitiesLib", "..\libs\UtilitiesLib\UtilitiesLib.vcxproj", "{A6741F6E-5476-4F9F-9D65-62B54AAF1D08}"
EndProject
Project("{8BC9CEB8-8B4A-11D0-8D11-00A0C91BC942}") = "UtilitiesLibTest", "..\TestSuites\UtilitiesLibTest\UtilitiesLibTest.vcxproj", "{57F9909D-40B7-4D36-9F16-0322438A1EDC}"
EndProject
Project("{8BC9CEB8-8B4A-11D0-8D11-00A0C91BC942}") = "WorldLib", "..\libs\WorldLib\WorldLib.vcxproj", "{E9AEB79E-085B-4392-A53F-8A9C609E8385}"
EndProject
Project("{8BC9CEB8-8B4A-11D0-8D11-00A0C91BC942}") = "XmppServer", "..\Core\XmppServer\XmppServer.vcxproj", "{5D591055-FCDE-4F9E-85C6-30BC1A19BE80}"
EndProject
Global
	GlobalSection(SolutionConfigurationPlatforms) = preSolution
		Code Coverage|Win32 = Code Coverage|Win32
		Code Coverage|x64 = Code Coverage|x64
		Debug|Win32 = Debug|Win32
		Debug|x64 = Debug|x64
		Full Debug|Win32 = Full Debug|Win32
		Full Debug|x64 = Full Debug|x64
	EndGlobalSection
	GlobalSection(ProjectConfigurationPlatforms) = postSolution
		{04792CF5-2B2F-4583-8F92-4BE126E31373}.Code Coverage|Win32.ActiveCfg = Code Coverage|Win32
		{04792CF5-2B2F-4583-8F92-4BE126E31373}.Code Coverage|Win32.Build.0 = Code Coverage|Win32
		{04792CF5-2B2F-4583-8F92-4BE126E31373}.Code Coverage|x64.ActiveCfg = Code Coverage|x64
		{04792CF5-2B2F-4583-8F92-4BE126E31373}.Code Coverage|x64.Build.0 = Code Coverage|x64
		{04792CF5-2B2F-4583-8F92-4BE126E31373}.Debug|Win32.ActiveCfg = Debug|Win32
		{04792CF5-2B2F-4583-8F92-4BE126E31373}.Debug|Win32.Build.0 = Debug|Win32
		{04792CF5-2B2F-4583-8F92-4BE126E31373}.Debug|x64.ActiveCfg = Debug|x64
		{04792CF5-2B2F-4583-8F92-4BE126E31373}.Debug|x64.Build.0 = Debug|x64
		{04792CF5-2B2F-4583-8F92-4BE126E31373}.Full Debug|Win32.ActiveCfg = Full Debug|Win32
		{04792CF5-2B2F-4583-8F92-4BE126E31373}.Full Debug|Win32.Build.0 = Full Debug|Win32
		{04792CF5-2B2F-4583-8F92-4BE126E31373}.Full Debug|x64.ActiveCfg = Full Debug|x64
		{04792CF5-2B2F-4583-8F92-4BE126E31373}.Full Debug|x64.Build.0 = Full Debug|x64
		{8BC9CEB8-8B4A-11D0-8D11-00A0C91BC942}.Code Coverage|Win32.ActiveCfg = Debug|Win32
		{8BC9CEB8-8B4A-11D0-8D11-00A0C91BC942}.Code Coverage|Win32.Build.0 = Debug|Win32
		{8BC9CEB8-8B4A-11D0-8D11-00A0C91BC942}.Code Coverage|x64.ActiveCfg = Debug|Win32
		{8BC9CEB8-8B4A-11D0-8D11-00A0C91BC942}.Debug|Win32.ActiveCfg = Debug|Win32
		{8BC9CEB8-8B4A-11D0-8D11-00A0C91BC942}.Debug|Win32.Build.0 = Debug|Win32
		{8BC9CEB8-8B4A-11D0-8D11-00A0C91BC942}.Debug|x64.ActiveCfg = Debug|Win32
		{8BC9CEB8-8B4A-11D0-8D11-00A0C91BC942}.Full Debug|Win32.ActiveCfg = Full Debug|Win32
		{8BC9CEB8-8B4A-11D0-8D11-00A0C91BC942}.Full Debug|Win32.Build.0 = Full Debug|Win32
		{8BC9CEB8-8B4A-11D0-8D11-00A0C91BC942}.Full Debug|x64.ActiveCfg = Debug|Win32
		{026F9801-EE19-46E9-85AC-DFDA6D08556E}.Code Coverage|Win32.ActiveCfg = Debug|Win32
		{026F9801-EE19-46E9-85AC-DFDA6D08556E}.Code Coverage|Win32.Build.0 = Debug|Win32
		{026F9801-EE19-46E9-85AC-DFDA6D08556E}.Code Coverage|x64.ActiveCfg = Debug|Win32
		{026F9801-EE19-46E9-85AC-DFDA6D08556E}.Debug|Win32.ActiveCfg = Debug|Win32
		{026F9801-EE19-46E9-85AC-DFDA6D08556E}.Debug|Win32.Build.0 = Debug|Win32
		{026F9801-EE19-46E9-85AC-DFDA6D08556E}.Debug|x64.ActiveCfg = Debug|Win32
		{026F9801-EE19-46E9-85AC-DFDA6D08556E}.Full Debug|Win32.ActiveCfg = Full Debug|Win32
		{026F9801-EE19-46E9-85AC-DFDA6D08556E}.Full Debug|Win32.Build.0 = Full Debug|Win32
		{026F9801-EE19-46E9-85AC-DFDA6D08556E}.Full Debug|x64.ActiveCfg = Debug|Win32
		{869105E2-8AF2-4E48-A4D3-7B3E31441777}.Code Coverage|Win32.ActiveCfg = Debug|Win32
		{869105E2-8AF2-4E48-A4D3-7B3E31441777}.Code Coverage|Win32.Build.0 = Debug|Win32
		{869105E2-8AF2-4E48-A4D3-7B3E31441777}.Code Coverage|x64.ActiveCfg = Debug|x64
		{869105E2-8AF2-4E48-A4D3-7B3E31441777}.Code Coverage|x64.Build.0 = Debug|x64
		{869105E2-8AF2-4E48-A4D3-7B3E31441777}.Debug|Win32.ActiveCfg = Debug|Win32
		{869105E2-8AF2-4E48-A4D3-7B3E31441777}.Debug|Win32.Build.0 = Debug|Win32
		{869105E2-8AF2-4E48-A4D3-7B3E31441777}.Debug|x64.ActiveCfg = Debug|x64
		{869105E2-8AF2-4E48-A4D3-7B3E31441777}.Debug|x64.Build.0 = Debug|x64
		{869105E2-8AF2-4E48-A4D3-7B3E31441777}.Full Debug|Win32.ActiveCfg = Full Debug|Win32
		{869105E2-8AF2-4E48-A4D3-7B3E31441777}.Full Debug|Win32.Build.0 = Full Debug|Win32
		{869105E2-8AF2-4E48-A4D3-7B3E31441777}.Full Debug|x64.ActiveCfg = Full Debug|x64
		{869105E2-8AF2-4E48-A4D3-7B3E31441777}.Full Debug|x64.Build.0 = Full Debug|x64
		{47F799DE-33B7-453D-AFFD-F1166A5B721C}.Code Coverage|Win32.ActiveCfg = Debug|Win32
		{47F799DE-33B7-453D-AFFD-F1166A5B721C}.Code Coverage|Win32.Build.0 = Debug|Win32
		{47F799DE-33B7-453D-AFFD-F1166A5B721C}.Code Coverage|x64.ActiveCfg = Debug|x64
		{47F799DE-33B7-453D-AFFD-F1166A5B721C}.Code Coverage|x64.Build.0 = Debug|x64
		{47F799DE-33B7-453D-AFFD-F1166A5B721C}.Debug|Win32.ActiveCfg = Debug|Win32
		{47F799DE-33B7-453D-AFFD-F1166A5B721C}.Debug|Win32.Build.0 = Debug|Win32
		{47F799DE-33B7-453D-AFFD-F1166A5B721C}.Debug|x64.ActiveCfg = Debug|x64
		{47F799DE-33B7-453D-AFFD-F1166A5B721C}.Debug|x64.Build.0 = Debug|x64
		{47F799DE-33B7-453D-AFFD-F1166A5B721C}.Full Debug|Win32.ActiveCfg = Full Debug|Win32
		{47F799DE-33B7-453D-AFFD-F1166A5B721C}.Full Debug|Win32.Build.0 = Full Debug|Win32
		{47F799DE-33B7-453D-AFFD-F1166A5B721C}.Full Debug|x64.ActiveCfg = Full Debug|x64
		{47F799DE-33B7-453D-AFFD-F1166A5B721C}.Full Debug|x64.Build.0 = Full Debug|x64
		{F9804FDE-1846-44E8-B1CE-5DFF7DBB6EA8}.Code Coverage|Win32.ActiveCfg = Debug|Win32
		{F9804FDE-1846-44E8-B1CE-5DFF7DBB6EA8}.Code Coverage|Win32.Build.0 = Debug|Win32
		{F9804FDE-1846-44E8-B1CE-5DFF7DBB6EA8}.Code Coverage|x64.ActiveCfg = Debug|x64
		{F9804FDE-1846-44E8-B1CE-5DFF7DBB6EA8}.Code Coverage|x64.Build.0 = Debug|x64
		{F9804FDE-1846-44E8-B1CE-5DFF7DBB6EA8}.Debug|Win32.ActiveCfg = Debug|Win32
		{F9804FDE-1846-44E8-B1CE-5DFF7DBB6EA8}.Debug|Win32.Build.0 = Debug|Win32
		{F9804FDE-1846-44E8-B1CE-5DFF7DBB6EA8}.Debug|x64.ActiveCfg = Debug|x64
		{F9804FDE-1846-44E8-B1CE-5DFF7DBB6EA8}.Debug|x64.Build.0 = Debug|x64
		{F9804FDE-1846-44E8-B1CE-5DFF7DBB6EA8}.Full Debug|Win32.ActiveCfg = Full Debug|Win32
		{F9804FDE-1846-44E8-B1CE-5DFF7DBB6EA8}.Full Debug|Win32.Build.0 = Full Debug|Win32
		{F9804FDE-1846-44E8-B1CE-5DFF7DBB6EA8}.Full Debug|x64.ActiveCfg = Full Debug|x64
		{F9804FDE-1846-44E8-B1CE-5DFF7DBB6EA8}.Full Debug|x64.Build.0 = Full Debug|x64
		{17770FA1-5D0E-479F-B0A1-B831EAE21735}.Code Coverage|Win32.ActiveCfg = Debug|Win32
		{17770FA1-5D0E-479F-B0A1-B831EAE21735}.Code Coverage|Win32.Build.0 = Debug|Win32
		{17770FA1-5D0E-479F-B0A1-B831EAE21735}.Code Coverage|x64.ActiveCfg = Debug|x64
		{17770FA1-5D0E-479F-B0A1-B831EAE21735}.Code Coverage|x64.Build.0 = Debug|x64
		{17770FA1-5D0E-479F-B0A1-B831EAE21735}.Debug|Win32.ActiveCfg = Debug|Win32
		{17770FA1-5D0E-479F-B0A1-B831EAE21735}.Debug|Win32.Build.0 = Debug|Win32
		{17770FA1-5D0E-479F-B0A1-B831EAE21735}.Debug|x64.ActiveCfg = Debug|x64
		{17770FA1-5D0E-479F-B0A1-B831EAE21735}.Debug|x64.Build.0 = Debug|x64
		{17770FA1-5D0E-479F-B0A1-B831EAE21735}.Full Debug|Win32.ActiveCfg = Full Debug|Win32
		{17770FA1-5D0E-479F-B0A1-B831EAE21735}.Full Debug|Win32.Build.0 = Full Debug|Win32
		{17770FA1-5D0E-479F-B0A1-B831EAE21735}.Full Debug|x64.ActiveCfg = Full Debug|x64
		{17770FA1-5D0E-479F-B0A1-B831EAE21735}.Full Debug|x64.Build.0 = Full Debug|x64
		{17770FA1-5D0E-479F-B0A1-B891EAE445D7}.Code Coverage|Win32.ActiveCfg = Debug|Win32
		{17770FA1-5D0E-479F-B0A1-B891EAE445D7}.Code Coverage|Win32.Build.0 = Debug|Win32
		{17770FA1-5D0E-479F-B0A1-B891EAE445D7}.Code Coverage|x64.ActiveCfg = Debug|x64
		{17770FA1-5D0E-479F-B0A1-B891EAE445D7}.Code Coverage|x64.Build.0 = Debug|x64
		{17770FA1-5D0E-479F-B0A1-B891EAE445D7}.Debug|Win32.ActiveCfg = Debug|Win32
		{17770FA1-5D0E-479F-B0A1-B891EAE445D7}.Debug|Win32.Build.0 = Debug|Win32
		{17770FA1-5D0E-479F-B0A1-B891EAE445D7}.Debug|x64.ActiveCfg = Debug|x64
		{17770FA1-5D0E-479F-B0A1-B891EAE445D7}.Debug|x64.Build.0 = Debug|x64
		{17770FA1-5D0E-479F-B0A1-B891EAE445D7}.Full Debug|Win32.ActiveCfg = Full Debug|Win32
		{17770FA1-5D0E-479F-B0A1-B891EAE445D7}.Full Debug|Win32.Build.0 = Full Debug|Win32
		{17770FA1-5D0E-479F-B0A1-B891EAE445D7}.Full Debug|x64.ActiveCfg = Full Debug|x64
		{17770FA1-5D0E-479F-B0A1-B891EAE445D7}.Full Debug|x64.Build.0 = Full Debug|x64
		{2ABB94EC-3E38-48BD-B97F-5B46328A4AEF}.Code Coverage|Win32.ActiveCfg = Debug|Win32
		{2ABB94EC-3E38-48BD-B97F-5B46328A4AEF}.Code Coverage|Win32.Build.0 = Debug|Win32
		{2ABB94EC-3E38-48BD-B97F-5B46328A4AEF}.Code Coverage|x64.ActiveCfg = Debug|x64
		{2ABB94EC-3E38-48BD-B97F-5B46328A4AEF}.Code Coverage|x64.Build.0 = Debug|x64
		{2ABB94EC-3E38-48BD-B97F-5B46328A4AEF}.Debug|Win32.ActiveCfg = Debug|Win32
		{2ABB94EC-3E38-48BD-B97F-5B46328A4AEF}.Debug|Win32.Build.0 = Debug|Win32
		{2ABB94EC-3E38-48BD-B97F-5B46328A4AEF}.Debug|x64.ActiveCfg = Debug|x64
		{2ABB94EC-3E38-48BD-B97F-5B46328A4AEF}.Debug|x64.Build.0 = Debug|x64
		{2ABB94EC-3E38-48BD-B97F-5B46328A4AEF}.Full Debug|Win32.ActiveCfg = Full Debug|Win32
		{2ABB94EC-3E38-48BD-B97F-5B46328A4AEF}.Full Debug|Win32.Build.0 = Full Debug|Win32
		{2ABB94EC-3E38-48BD-B97F-5B46328A4AEF}.Full Debug|x64.ActiveCfg = Full Debug|x64
		{2ABB94EC-3E38-48BD-B97F-5B46328A4AEF}.Full Debug|x64.Build.0 = Full Debug|x64
		{88888318-9AD9-4149-9CBD-07BA24320884}.Code Coverage|Win32.ActiveCfg = Debug|Win32
		{88888318-9AD9-4149-9CBD-07BA24320884}.Code Coverage|Win32.Build.0 = Debug|Win32
		{88888318-9AD9-4149-9CBD-07BA24320884}.Code Coverage|x64.ActiveCfg = Debug|Win32
		{88888318-9AD9-4149-9CBD-07BA24320884}.Debug|Win32.ActiveCfg = Debug|Win32
		{88888318-9AD9-4149-9CBD-07BA24320884}.Debug|Win32.Build.0 = Debug|Win32
		{88888318-9AD9-4149-9CBD-07BA24320884}.Debug|x64.ActiveCfg = Debug|Win32
		{88888318-9AD9-4149-9CBD-07BA24320884}.Full Debug|Win32.ActiveCfg = Full Debug|Win32
		{88888318-9AD9-4149-9CBD-07BA24320884}.Full Debug|Win32.Build.0 = Full Debug|Win32
		{88888318-9AD9-4149-9CBD-07BA24320884}.Full Debug|x64.ActiveCfg = Debug|Win32
		{99999999-9AD9-4149-9CBD-07BA24320884}.Code Coverage|Win32.ActiveCfg = Debug|Win32
		{99999999-9AD9-4149-9CBD-07BA24320884}.Code Coverage|Win32.Build.0 = Debug|Win32
		{99999999-9AD9-4149-9CBD-07BA24320884}.Code Coverage|x64.ActiveCfg = Debug|Win32
		{99999999-9AD9-4149-9CBD-07BA24320884}.Debug|Win32.ActiveCfg = Debug|Win32
		{99999999-9AD9-4149-9CBD-07BA24320884}.Debug|Win32.Build.0 = Debug|Win32
		{99999999-9AD9-4149-9CBD-07BA24320884}.Debug|x64.ActiveCfg = Debug|Win32
		{99999999-9AD9-4149-9CBD-07BA24320884}.Full Debug|Win32.ActiveCfg = Full Debug|Win32
		{99999999-9AD9-4149-9CBD-07BA24320884}.Full Debug|Win32.Build.0 = Full Debug|Win32
		{99999999-9AD9-4149-9CBD-07BA24320884}.Full Debug|x64.ActiveCfg = Debug|Win32
		{57853D56-1B5B-478F-99BA-874893F46688}.Code Coverage|Win32.ActiveCfg = Debug|Win32
		{57853D56-1B5B-478F-99BA-874893F46688}.Code Coverage|Win32.Build.0 = Debug|Win32
		{57853D56-1B5B-478F-99BA-874893F46688}.Code Coverage|x64.ActiveCfg = Debug|x64
		{57853D56-1B5B-478F-99BA-874893F46688}.Code Coverage|x64.Build.0 = Debug|x64
		{57853D56-1B5B-478F-99BA-874893F46688}.Debug|Win32.ActiveCfg = Debug|Win32
		{57853D56-1B5B-478F-99BA-874893F46688}.Debug|Win32.Build.0 = Debug|Win32
		{57853D56-1B5B-478F-99BA-874893F46688}.Debug|x64.ActiveCfg = Debug|x64
		{57853D56-1B5B-478F-99BA-874893F46688}.Debug|x64.Build.0 = Debug|x64
		{57853D56-1B5B-478F-99BA-874893F46688}.Full Debug|Win32.ActiveCfg = Full Debug|Win32
		{57853D56-1B5B-478F-99BA-874893F46688}.Full Debug|Win32.Build.0 = Full Debug|Win32
		{57853D56-1B5B-478F-99BA-874893F46688}.Full Debug|x64.ActiveCfg = Full Debug|x64
		{57853D56-1B5B-478F-99BA-874893F46688}.Full Debug|x64.Build.0 = Full Debug|x64
		{2ACC94EC-3E38-48BD-B97F-5B46328A4AEF}.Code Coverage|Win32.ActiveCfg = Code Coverage|Win32
		{2ACC94EC-3E38-48BD-B97F-5B46328A4AEF}.Code Coverage|Win32.Build.0 = Code Coverage|Win32
		{2ACC94EC-3E38-48BD-B97F-5B46328A4AEF}.Code Coverage|x64.ActiveCfg = Code Coverage|x64
		{2ACC94EC-3E38-48BD-B97F-5B46328A4AEF}.Code Coverage|x64.Build.0 = Code Coverage|x64
		{2ACC94EC-3E38-48BD-B97F-5B46328A4AEF}.Debug|Win32.ActiveCfg = Debug|Win32
		{2ACC94EC-3E38-48BD-B97F-5B46328A4AEF}.Debug|Win32.Build.0 = Debug|Win32
		{2ACC94EC-3E38-48BD-B97F-5B46328A4AEF}.Debug|x64.ActiveCfg = Debug|x64
		{2ACC94EC-3E38-48BD-B97F-5B46328A4AEF}.Debug|x64.Build.0 = Debug|x64
		{2ACC94EC-3E38-48BD-B97F-5B46328A4AEF}.Full Debug|Win32.ActiveCfg = Full Debug|Win32
		{2ACC94EC-3E38-48BD-B97F-5B46328A4AEF}.Full Debug|Win32.Build.0 = Full Debug|Win32
		{2ACC94EC-3E38-48BD-B97F-5B46328A4AEF}.Full Debug|x64.ActiveCfg = Full Debug|x64
		{2ACC94EC-3E38-48BD-B97F-5B46328A4AEF}.Full Debug|x64.Build.0 = Full Debug|x64
		{FE21AC1A-42BE-42C2-B399-7E1013CBC2D4}.Code Coverage|Win32.ActiveCfg = Debug|Win32
		{FE21AC1A-42BE-42C2-B399-7E1013CBC2D4}.Code Coverage|Win32.Build.0 = Debug|Win32
		{FE21AC1A-42BE-42C2-B399-7E1013CBC2D4}.Code Coverage|x64.ActiveCfg = Debug|x64
		{FE21AC1A-42BE-42C2-B399-7E1013CBC2D4}.Code Coverage|x64.Build.0 = Debug|x64
		{FE21AC1A-42BE-42C2-B399-7E1013CBC2D4}.Debug|Win32.ActiveCfg = Debug|Win32
		{FE21AC1A-42BE-42C2-B399-7E1013CBC2D4}.Debug|Win32.Build.0 = Debug|Win32
		{FE21AC1A-42BE-42C2-B399-7E1013CBC2D4}.Debug|x64.ActiveCfg = Debug|x64
		{FE21AC1A-42BE-42C2-B399-7E1013CBC2D4}.Debug|x64.Build.0 = Debug|x64
		{FE21AC1A-42BE-42C2-B399-7E1013CBC2D4}.Full Debug|Win32.ActiveCfg = Full Debug|Win32
		{FE21AC1A-42BE-42C2-B399-7E1013CBC2D4}.Full Debug|Win32.Build.0 = Full Debug|Win32
		{FE21AC1A-42BE-42C2-B399-7E1013CBC2D4}.Full Debug|x64.ActiveCfg = Full Debug|x64
		{FE21AC1A-42BE-42C2-B399-7E1013CBC2D4}.Full Debug|x64.Build.0 = Full Debug|x64
		{F25CAE5A-AA0D-41C8-A84E-7139C0FA2F39}.Code Coverage|Win32.ActiveCfg = Debug|Win32
		{F25CAE5A-AA0D-41C8-A84E-7139C0FA2F39}.Code Coverage|Win32.Build.0 = Debug|Win32
		{F25CAE5A-AA0D-41C8-A84E-7139C0FA2F39}.Code Coverage|x64.ActiveCfg = Debug|Win32
		{F25CAE5A-AA0D-41C8-A84E-7139C0FA2F39}.Debug|Win32.ActiveCfg = Debug|Win32
		{F25CAE5A-AA0D-41C8-A84E-7139C0FA2F39}.Debug|Win32.Build.0 = Debug|Win32
		{F25CAE5A-AA0D-41C8-A84E-7139C0FA2F39}.Debug|x64.ActiveCfg = Debug|Win32
		{F25CAE5A-AA0D-41C8-A84E-7139C0FA2F39}.Full Debug|Win32.ActiveCfg = Full Debug|Win32
		{F25CAE5A-AA0D-41C8-A84E-7139C0FA2F39}.Full Debug|Win32.Build.0 = Full Debug|Win32
		{F25CAE5A-AA0D-41C8-A84E-7139C0FA2F39}.Full Debug|x64.ActiveCfg = Debug|Win32
		{C88AA743-F9F7-4081-AA5D-E677AC324C50}.Code Coverage|Win32.ActiveCfg = Debug|Win32
		{C88AA743-F9F7-4081-AA5D-E677AC324C50}.Code Coverage|Win32.Build.0 = Debug|Win32
		{C88AA743-F9F7-4081-AA5D-E677AC324C50}.Code Coverage|x64.ActiveCfg = Debug|x64
		{C88AA743-F9F7-4081-AA5D-E677AC324C50}.Code Coverage|x64.Build.0 = Debug|x64
		{C88AA743-F9F7-4081-AA5D-E677AC324C50}.Debug|Win32.ActiveCfg = Debug|Win32
		{C88AA743-F9F7-4081-AA5D-E677AC324C50}.Debug|Win32.Build.0 = Debug|Win32
		{C88AA743-F9F7-4081-AA5D-E677AC324C50}.Debug|x64.ActiveCfg = Debug|x64
		{C88AA743-F9F7-4081-AA5D-E677AC324C50}.Debug|x64.Build.0 = Debug|x64
		{C88AA743-F9F7-4081-AA5D-E677AC324C50}.Full Debug|Win32.ActiveCfg = Full Debug|Win32
		{C88AA743-F9F7-4081-AA5D-E677AC324C50}.Full Debug|Win32.Build.0 = Full Debug|Win32
		{C88AA743-F9F7-4081-AA5D-E677AC324C50}.Full Debug|x64.ActiveCfg = Full Debug|x64
		{C88AA743-F9F7-4081-AA5D-E677AC324C50}.Full Debug|x64.Build.0 = Full Debug|x64
		{A487C9FA-C156-4393-AC6D-3F7B76328E03}.Code Coverage|Win32.ActiveCfg = Debug|Win32
		{A487C9FA-C156-4393-AC6D-3F7B76328E03}.Code Coverage|Win32.Build.0 = Debug|Win32
		{A487C9FA-C156-4393-AC6D-3F7B76328E03}.Code Coverage|x64.ActiveCfg = Debug|x64
		{A487C9FA-C156-4393-AC6D-3F7B76328E03}.Code Coverage|x64.Build.0 = Debug|x64
		{A487C9FA-C156-4393-AC6D-3F7B76328E03}.Debug|Win32.ActiveCfg = Debug|Win32
		{A487C9FA-C156-4393-AC6D-3F7B76328E03}.Debug|Win32.Build.0 = Debug|Win32
		{A487C9FA-C156-4393-AC6D-3F7B76328E03}.Debug|x64.ActiveCfg = Debug|x64
		{A487C9FA-C156-4393-AC6D-3F7B76328E03}.Debug|x64.Build.0 = Debug|x64
		{A487C9FA-C156-4393-AC6D-3F7B76328E03}.Full Debug|Win32.ActiveCfg = Full Debug|Win32
		{A487C9FA-C156-4393-AC6D-3F7B76328E03}.Full Debug|Win32.Build.0 = Full Debug|Win32
		{A487C9FA-C156-4393-AC6D-3F7B76328E03}.Full Debug|x64.ActiveCfg = Full Debug|x64
		{A487C9FA-C156-4393-AC6D-3F7B76328E03}.Full Debug|x64.Build.0 = Full Debug|x64
		{84FF68D8-86A4-4368-85DE-F9121A7FB942}.Code Coverage|Win32.ActiveCfg = Debug|Win32
		{84FF68D8-86A4-4368-85DE-F9121A7FB942}.Code Coverage|Win32.Build.0 = Debug|Win32
		{84FF68D8-86A4-4368-85DE-F9121A7FB942}.Code Coverage|x64.ActiveCfg = Debug|Win32
		{84FF68D8-86A4-4368-85DE-F9121A7FB942}.Debug|Win32.ActiveCfg = Debug|Win32
		{84FF68D8-86A4-4368-85DE-F9121A7FB942}.Debug|Win32.Build.0 = Debug|Win32
		{84FF68D8-86A4-4368-85DE-F9121A7FB942}.Debug|x64.ActiveCfg = Debug|Win32
		{84FF68D8-86A4-4368-85DE-F9121A7FB942}.Full Debug|Win32.ActiveCfg = Full Debug|Win32
		{84FF68D8-86A4-4368-85DE-F9121A7FB942}.Full Debug|Win32.Build.0 = Full Debug|Win32
		{84FF68D8-86A4-4368-85DE-F9121A7FB942}.Full Debug|x64.ActiveCfg = Debug|Win32
		{648B5BB5-F9A6-4C96-AABF-B286F29A6C63}.Code Coverage|Win32.ActiveCfg = Debug|Win32
		{648B5BB5-F9A6-4C96-AABF-B286F29A6C63}.Code Coverage|Win32.Build.0 = Debug|Win32
		{648B5BB5-F9A6-4C96-AABF-B286F29A6C63}.Code Coverage|x64.ActiveCfg = Debug|Win32
		{648B5BB5-F9A6-4C96-AABF-B286F29A6C63}.Debug|Win32.ActiveCfg = Debug|Win32
		{648B5BB5-F9A6-4C96-AABF-B286F29A6C63}.Debug|Win32.Build.0 = Debug|Win32
		{648B5BB5-F9A6-4C96-AABF-B286F29A6C63}.Debug|x64.ActiveCfg = Debug|Win32
		{648B5BB5-F9A6-4C96-AABF-B286F29A6C63}.Full Debug|Win32.ActiveCfg = Full Debug|Win32
		{648B5BB5-F9A6-4C96-AABF-B286F29A6C63}.Full Debug|Win32.Build.0 = Full Debug|Win32
		{648B5BB5-F9A6-4C96-AABF-B286F29A6C63}.Full Debug|x64.ActiveCfg = Debug|Win32
		{581FBCF3-270A-4CE6-A071-94740181489A}.Code Coverage|Win32.ActiveCfg = Debug|Win32
		{581FBCF3-270A-4CE6-A071-94740181489A}.Code Coverage|Win32.Build.0 = Debug|Win32
		{581FBCF3-270A-4CE6-A071-94740181489A}.Code Coverage|x64.ActiveCfg = Debug|x64
		{581FBCF3-270A-4CE6-A071-94740181489A}.Code Coverage|x64.Build.0 = Debug|x64
		{581FBCF3-270A-4CE6-A071-94740181489A}.Debug|Win32.ActiveCfg = Debug|Win32
		{581FBCF3-270A-4CE6-A071-94740181489A}.Debug|Win32.Build.0 = Debug|Win32
		{581FBCF3-270A-4CE6-A071-94740181489A}.Debug|x64.ActiveCfg = Debug|x64
		{581FBCF3-270A-4CE6-A071-94740181489A}.Debug|x64.Build.0 = Debug|x64
		{581FBCF3-270A-4CE6-A071-94740181489A}.Full Debug|Win32.ActiveCfg = Full Debug|Win32
		{581FBCF3-270A-4CE6-A071-94740181489A}.Full Debug|Win32.Build.0 = Full Debug|Win32
		{581FBCF3-270A-4CE6-A071-94740181489A}.Full Debug|x64.ActiveCfg = Full Debug|x64
		{581FBCF3-270A-4CE6-A071-94740181489A}.Full Debug|x64.Build.0 = Full Debug|x64
		{B61EEF46-FC3E-4656-9BD9-BAF9D5690CBE}.Code Coverage|Win32.ActiveCfg = Debug|Win32
		{B61EEF46-FC3E-4656-9BD9-BAF9D5690CBE}.Code Coverage|Win32.Build.0 = Debug|Win32
		{B61EEF46-FC3E-4656-9BD9-BAF9D5690CBE}.Code Coverage|x64.ActiveCfg = Debug|Win32
		{B61EEF46-FC3E-4656-9BD9-BAF9D5690CBE}.Debug|Win32.ActiveCfg = Debug|Win32
		{B61EEF46-FC3E-4656-9BD9-BAF9D5690CBE}.Debug|Win32.Build.0 = Debug|Win32
		{B61EEF46-FC3E-4656-9BD9-BAF9D5690CBE}.Debug|x64.ActiveCfg = Debug|Win32
		{B61EEF46-FC3E-4656-9BD9-BAF9D5690CBE}.Full Debug|Win32.ActiveCfg = Full Debug|Win32
		{B61EEF46-FC3E-4656-9BD9-BAF9D5690CBE}.Full Debug|Win32.Build.0 = Full Debug|Win32
		{B61EEF46-FC3E-4656-9BD9-BAF9D5690CBE}.Full Debug|x64.ActiveCfg = Debug|Win32
		{4EA404A5-51B5-4C29-B9A7-28789C4BF525}.Code Coverage|Win32.ActiveCfg = Code Coverage|Win32
		{4EA404A5-51B5-4C29-B9A7-28789C4BF525}.Code Coverage|Win32.Build.0 = Code Coverage|Win32
		{4EA404A5-51B5-4C29-B9A7-28789C4BF525}.Code Coverage|x64.ActiveCfg = Code Coverage|x64
		{4EA404A5-51B5-4C29-B9A7-28789C4BF525}.Code Coverage|x64.Build.0 = Code Coverage|x64
		{4EA404A5-51B5-4C29-B9A7-28789C4BF525}.Debug|Win32.ActiveCfg = Debug|Win32
		{4EA404A5-51B5-4C29-B9A7-28789C4BF525}.Debug|Win32.Build.0 = Debug|Win32
		{4EA404A5-51B5-4C29-B9A7-28789C4BF525}.Debug|x64.ActiveCfg = Debug|x64
		{4EA404A5-51B5-4C29-B9A7-28789C4BF525}.Debug|x64.Build.0 = Debug|x64
		{4EA404A5-51B5-4C29-B9A7-28789C4BF525}.Full Debug|Win32.ActiveCfg = Full Debug|Win32
		{4EA404A5-51B5-4C29-B9A7-28789C4BF525}.Full Debug|Win32.Build.0 = Full Debug|Win32
		{4EA404A5-51B5-4C29-B9A7-28789C4BF525}.Full Debug|x64.ActiveCfg = Full Debug|x64
		{4EA404A5-51B5-4C29-B9A7-28789C4BF525}.Full Debug|x64.Build.0 = Full Debug|x64
		{487DB8D6-6FAF-4E86-9800-75088911A703}.Code Coverage|Win32.ActiveCfg = Code Coverage|Win32
		{487DB8D6-6FAF-4E86-9800-75088911A703}.Code Coverage|Win32.Build.0 = Code Coverage|Win32
		{487DB8D6-6FAF-4E86-9800-75088911A703}.Code Coverage|x64.ActiveCfg = Code Coverage|x64
		{487DB8D6-6FAF-4E86-9800-75088911A703}.Code Coverage|x64.Build.0 = Code Coverage|x64
		{487DB8D6-6FAF-4E86-9800-75088911A703}.Debug|Win32.ActiveCfg = Debug|Win32
		{487DB8D6-6FAF-4E86-9800-75088911A703}.Debug|Win32.Build.0 = Debug|Win32
		{487DB8D6-6FAF-4E86-9800-75088911A703}.Debug|x64.ActiveCfg = Debug|x64
		{487DB8D6-6FAF-4E86-9800-75088911A703}.Debug|x64.Build.0 = Debug|x64
		{487DB8D6-6FAF-4E86-9800-75088911A703}.Full Debug|Win32.ActiveCfg = Full Debug|Win32
		{487DB8D6-6FAF-4E86-9800-75088911A703}.Full Debug|Win32.Build.0 = Full Debug|Win32
		{487DB8D6-6FAF-4E86-9800-75088911A703}.Full Debug|x64.ActiveCfg = Full Debug|x64
		{487DB8D6-6FAF-4E86-9800-75088911A703}.Full Debug|x64.Build.0 = Full Debug|x64
		{C7963727-C880-4052-89C4-E61E1911AEC0}.Code Coverage|Win32.ActiveCfg = Code Coverage|Win32
		{C7963727-C880-4052-89C4-E61E1911AEC0}.Code Coverage|Win32.Build.0 = Code Coverage|Win32
		{C7963727-C880-4052-89C4-E61E1911AEC0}.Code Coverage|x64.ActiveCfg = Code Coverage|x64
		{C7963727-C880-4052-89C4-E61E1911AEC0}.Code Coverage|x64.Build.0 = Code Coverage|x64
		{C7963727-C880-4052-89C4-E61E1911AEC0}.Debug|Win32.ActiveCfg = Debug|Win32
		{C7963727-C880-4052-89C4-E61E1911AEC0}.Debug|Win32.Build.0 = Debug|Win32
		{C7963727-C880-4052-89C4-E61E1911AEC0}.Debug|x64.ActiveCfg = Debug|x64
		{C7963727-C880-4052-89C4-E61E1911AEC0}.Debug|x64.Build.0 = Debug|x64
		{C7963727-C880-4052-89C4-E61E1911AEC0}.Full Debug|Win32.ActiveCfg = Full Debug|Win32
		{C7963727-C880-4052-89C4-E61E1911AEC0}.Full Debug|Win32.Build.0 = Full Debug|Win32
		{C7963727-C880-4052-89C4-E61E1911AEC0}.Full Debug|x64.ActiveCfg = Full Debug|x64
		{C7963727-C880-4052-89C4-E61E1911AEC0}.Full Debug|x64.Build.0 = Full Debug|x64
		{6536693A-163F-4D6C-B2EA-AD8FF3D8924C}.Code Coverage|Win32.ActiveCfg = Debug|Win32
		{6536693A-163F-4D6C-B2EA-AD8FF3D8924C}.Code Coverage|Win32.Build.0 = Debug|Win32
		{6536693A-163F-4D6C-B2EA-AD8FF3D8924C}.Code Coverage|x64.ActiveCfg = Debug|x64
		{6536693A-163F-4D6C-B2EA-AD8FF3D8924C}.Code Coverage|x64.Build.0 = Debug|x64
		{6536693A-163F-4D6C-B2EA-AD8FF3D8924C}.Debug|Win32.ActiveCfg = Debug|Win32
		{6536693A-163F-4D6C-B2EA-AD8FF3D8924C}.Debug|Win32.Build.0 = Debug|Win32
		{6536693A-163F-4D6C-B2EA-AD8FF3D8924C}.Debug|x64.ActiveCfg = Debug|x64
		{6536693A-163F-4D6C-B2EA-AD8FF3D8924C}.Debug|x64.Build.0 = Debug|x64
		{6536693A-163F-4D6C-B2EA-AD8FF3D8924C}.Full Debug|Win32.ActiveCfg = Full Debug|Win32
		{6536693A-163F-4D6C-B2EA-AD8FF3D8924C}.Full Debug|Win32.Build.0 = Full Debug|Win32
		{6536693A-163F-4D6C-B2EA-AD8FF3D8924C}.Full Debug|x64.ActiveCfg = Full Debug|x64
		{6536693A-163F-4D6C-B2EA-AD8FF3D8924C}.Full Debug|x64.Build.0 = Full Debug|x64
		{647F995D-E673-7CB2-751E-91DEAEFA2636}.Code Coverage|Win32.ActiveCfg = Debug|Win32
		{647F995D-E673-7CB2-751E-91DEAEFA2636}.Code Coverage|Win32.Build.0 = Debug|Win32
		{647F995D-E673-7CB2-751E-91DEAEFA2636}.Code Coverage|x64.ActiveCfg = Debug|Win32
		{647F995D-E673-7CB2-751E-91DEAEFA2636}.Debug|Win32.ActiveCfg = Debug|Win32
		{647F995D-E673-7CB2-751E-91DEAEFA2636}.Debug|Win32.Build.0 = Debug|Win32
		{647F995D-E673-7CB2-751E-91DEAEFA2636}.Debug|x64.ActiveCfg = Debug|Win32
		{647F995D-E673-7CB2-751E-91DEAEFA2636}.Full Debug|Win32.ActiveCfg = Full Debug|Win32
		{647F995D-E673-7CB2-751E-91DEAEFA2636}.Full Debug|Win32.Build.0 = Full Debug|Win32
		{647F995D-E673-7CB2-751E-91DEAEFA2636}.Full Debug|x64.ActiveCfg = Debug|Win32
		{DD475A7C-B1D4-43C4-ACB7-D73C24BE1EB7}.Code Coverage|Win32.ActiveCfg = Code Coverage|Win32
		{DD475A7C-B1D4-43C4-ACB7-D73C24BE1EB7}.Code Coverage|Win32.Build.0 = Code Coverage|Win32
		{DD475A7C-B1D4-43C4-ACB7-D73C24BE1EB7}.Code Coverage|x64.ActiveCfg = Code Coverage|x64
		{DD475A7C-B1D4-43C4-ACB7-D73C24BE1EB7}.Code Coverage|x64.Build.0 = Code Coverage|x64
		{DD475A7C-B1D4-43C4-ACB7-D73C24BE1EB7}.Debug|Win32.ActiveCfg = Debug|Win32
		{DD475A7C-B1D4-43C4-ACB7-D73C24BE1EB7}.Debug|Win32.Build.0 = Debug|Win32
		{DD475A7C-B1D4-43C4-ACB7-D73C24BE1EB7}.Debug|x64.ActiveCfg = Debug|x64
		{DD475A7C-B1D4-43C4-ACB7-D73C24BE1EB7}.Debug|x64.Build.0 = Debug|x64
		{DD475A7C-B1D4-43C4-ACB7-D73C24BE1EB7}.Full Debug|Win32.ActiveCfg = Full Debug|Win32
		{DD475A7C-B1D4-43C4-ACB7-D73C24BE1EB7}.Full Debug|Win32.Build.0 = Full Debug|Win32
		{DD475A7C-B1D4-43C4-ACB7-D73C24BE1EB7}.Full Debug|x64.ActiveCfg = Full Debug|x64
		{DD475A7C-B1D4-43C4-ACB7-D73C24BE1EB7}.Full Debug|x64.Build.0 = Full Debug|x64
		{FAB11A24-9AEF-4B62-86C9-23A0A224CD1A}.Code Coverage|Win32.ActiveCfg = Debug|Win32
		{FAB11A24-9AEF-4B62-86C9-23A0A224CD1A}.Code Coverage|Win32.Build.0 = Debug|Win32
		{FAB11A24-9AEF-4B62-86C9-23A0A224CD1A}.Code Coverage|x64.ActiveCfg = Debug|Win32
		{FAB11A24-9AEF-4B62-86C9-23A0A224CD1A}.Debug|Win32.ActiveCfg = Debug|Win32
		{FAB11A24-9AEF-4B62-86C9-23A0A224CD1A}.Debug|Win32.Build.0 = Debug|Win32
		{FAB11A24-9AEF-4B62-86C9-23A0A224CD1A}.Debug|x64.ActiveCfg = Debug|Win32
		{FAB11A24-9AEF-4B62-86C9-23A0A224CD1A}.Full Debug|Win32.ActiveCfg = Full Debug|Win32
		{FAB11A24-9AEF-4B62-86C9-23A0A224CD1A}.Full Debug|Win32.Build.0 = Full Debug|Win32
		{FAB11A24-9AEF-4B62-86C9-23A0A224CD1A}.Full Debug|x64.ActiveCfg = Debug|Win32
		{1D29E421-93B2-4E32-9186-7FAFC3971C5B}.Code Coverage|Win32.ActiveCfg = Debug|Win32
		{1D29E421-93B2-4E32-9186-7FAFC3971C5B}.Code Coverage|Win32.Build.0 = Debug|Win32
		{1D29E421-93B2-4E32-9186-7FAFC3971C5B}.Code Coverage|x64.ActiveCfg = Debug|x64
		{1D29E421-93B2-4E32-9186-7FAFC3971C5B}.Code Coverage|x64.Build.0 = Debug|x64
		{1D29E421-93B2-4E32-9186-7FAFC3971C5B}.Debug|Win32.ActiveCfg = Debug|Win32
		{1D29E421-93B2-4E32-9186-7FAFC3971C5B}.Debug|Win32.Build.0 = Debug|Win32
		{1D29E421-93B2-4E32-9186-7FAFC3971C5B}.Debug|x64.ActiveCfg = Debug|x64
		{1D29E421-93B2-4E32-9186-7FAFC3971C5B}.Debug|x64.Build.0 = Debug|x64
		{1D29E421-93B2-4E32-9186-7FAFC3971C5B}.Full Debug|Win32.ActiveCfg = Full Debug|Win32
		{1D29E421-93B2-4E32-9186-7FAFC3971C5B}.Full Debug|Win32.Build.0 = Full Debug|Win32
		{1D29E421-93B2-4E32-9186-7FAFC3971C5B}.Full Debug|x64.ActiveCfg = Full Debug|x64
		{1D29E421-93B2-4E32-9186-7FAFC3971C5B}.Full Debug|x64.Build.0 = Full Debug|x64
		{9FC80A72-7B4E-40CE-9294-4E6AFD4DFBF8}.Code Coverage|Win32.ActiveCfg = Debug|Win32
		{9FC80A72-7B4E-40CE-9294-4E6AFD4DFBF8}.Code Coverage|Win32.Build.0 = Debug|Win32
		{9FC80A72-7B4E-40CE-9294-4E6AFD4DFBF8}.Code Coverage|x64.ActiveCfg = Debug|x64
		{9FC80A72-7B4E-40CE-9294-4E6AFD4DFBF8}.Code Coverage|x64.Build.0 = Debug|x64
		{9FC80A72-7B4E-40CE-9294-4E6AFD4DFBF8}.Debug|Win32.ActiveCfg = Debug|Win32
		{9FC80A72-7B4E-40CE-9294-4E6AFD4DFBF8}.Debug|Win32.Build.0 = Debug|Win32
		{9FC80A72-7B4E-40CE-9294-4E6AFD4DFBF8}.Debug|x64.ActiveCfg = Debug|x64
		{9FC80A72-7B4E-40CE-9294-4E6AFD4DFBF8}.Debug|x64.Build.0 = Debug|x64
		{9FC80A72-7B4E-40CE-9294-4E6AFD4DFBF8}.Full Debug|Win32.ActiveCfg = Full Debug|Win32
		{9FC80A72-7B4E-40CE-9294-4E6AFD4DFBF8}.Full Debug|Win32.Build.0 = Full Debug|Win32
		{9FC80A72-7B4E-40CE-9294-4E6AFD4DFBF8}.Full Debug|x64.ActiveCfg = Full Debug|x64
		{9FC80A72-7B4E-40CE-9294-4E6AFD4DFBF8}.Full Debug|x64.Build.0 = Full Debug|x64
		{B9B00807-EB09-4865-BCBE-E66079DE0119}.Code Coverage|Win32.ActiveCfg = Debug|Win32
		{B9B00807-EB09-4865-BCBE-E66079DE0119}.Code Coverage|Win32.Build.0 = Debug|Win32
		{B9B00807-EB09-4865-BCBE-E66079DE0119}.Code Coverage|x64.ActiveCfg = Debug|Win32
		{B9B00807-EB09-4865-BCBE-E66079DE0119}.Debug|Win32.ActiveCfg = Debug|Win32
		{B9B00807-EB09-4865-BCBE-E66079DE0119}.Debug|Win32.Build.0 = Debug|Win32
		{B9B00807-EB09-4865-BCBE-E66079DE0119}.Debug|x64.ActiveCfg = Debug|Win32
		{B9B00807-EB09-4865-BCBE-E66079DE0119}.Full Debug|Win32.ActiveCfg = Full Debug|Win32
		{B9B00807-EB09-4865-BCBE-E66079DE0119}.Full Debug|Win32.Build.0 = Full Debug|Win32
		{B9B00807-EB09-4865-BCBE-E66079DE0119}.Full Debug|x64.ActiveCfg = Debug|Win32
		{1AE9595D-538A-47A6-99D5-79A11EBFF928}.Code Coverage|Win32.ActiveCfg = Debug|Win32
		{1AE9595D-538A-47A6-99D5-79A11EBFF928}.Code Coverage|Win32.Build.0 = Debug|Win32
		{1AE9595D-538A-47A6-99D5-79A11EBFF928}.Code Coverage|x64.ActiveCfg = Debug|x64
		{1AE9595D-538A-47A6-99D5-79A11EBFF928}.Code Coverage|x64.Build.0 = Debug|x64
		{1AE9595D-538A-47A6-99D5-79A11EBFF928}.Debug|Win32.ActiveCfg = Debug|Win32
		{1AE9595D-538A-47A6-99D5-79A11EBFF928}.Debug|Win32.Build.0 = Debug|Win32
		{1AE9595D-538A-47A6-99D5-79A11EBFF928}.Debug|x64.ActiveCfg = Debug|x64
		{1AE9595D-538A-47A6-99D5-79A11EBFF928}.Debug|x64.Build.0 = Debug|x64
		{1AE9595D-538A-47A6-99D5-79A11EBFF928}.Full Debug|Win32.ActiveCfg = Full Debug|Win32
		{1AE9595D-538A-47A6-99D5-79A11EBFF928}.Full Debug|Win32.Build.0 = Full Debug|Win32
		{1AE9595D-538A-47A6-99D5-79A11EBFF928}.Full Debug|x64.ActiveCfg = Full Debug|x64
		{1AE9595D-538A-47A6-99D5-79A11EBFF928}.Full Debug|x64.Build.0 = Full Debug|x64
		{A6741F6E-5476-4F9F-9D65-62B54AAF1D08}.Code Coverage|Win32.ActiveCfg = Code Coverage|Win32
		{A6741F6E-5476-4F9F-9D65-62B54AAF1D08}.Code Coverage|Win32.Build.0 = Code Coverage|Win32
		{A6741F6E-5476-4F9F-9D65-62B54AAF1D08}.Code Coverage|x64.ActiveCfg = Code Coverage|x64
		{A6741F6E-5476-4F9F-9D65-62B54AAF1D08}.Code Coverage|x64.Build.0 = Code Coverage|x64
		{A6741F6E-5476-4F9F-9D65-62B54AAF1D08}.Debug|Win32.ActiveCfg = Debug|Win32
		{A6741F6E-5476-4F9F-9D65-62B54AAF1D08}.Debug|Win32.Build.0 = Debug|Win32
		{A6741F6E-5476-4F9F-9D65-62B54AAF1D08}.Debug|x64.ActiveCfg = Debug|x64
		{A6741F6E-5476-4F9F-9D65-62B54AAF1D08}.Debug|x64.Build.0 = Debug|x64
		{A6741F6E-5476-4F9F-9D65-62B54AAF1D08}.Full Debug|Win32.ActiveCfg = Full Debug|Win32
		{A6741F6E-5476-4F9F-9D65-62B54AAF1D08}.Full Debug|Win32.Build.0 = Full Debug|Win32
		{A6741F6E-5476-4F9F-9D65-62B54AAF1D08}.Full Debug|x64.ActiveCfg = Full Debug|x64
		{A6741F6E-5476-4F9F-9D65-62B54AAF1D08}.Full Debug|x64.Build.0 = Full Debug|x64
		{57F9909D-40B7-4D36-9F16-0322438A1EDC}.Code Coverage|Win32.ActiveCfg = Debug|Win32
		{57F9909D-40B7-4D36-9F16-0322438A1EDC}.Code Coverage|Win32.Build.0 = Debug|Win32
		{57F9909D-40B7-4D36-9F16-0322438A1EDC}.Code Coverage|x64.ActiveCfg = Debug|x64
		{57F9909D-40B7-4D36-9F16-0322438A1EDC}.Code Coverage|x64.Build.0 = Debug|x64
		{57F9909D-40B7-4D36-9F16-0322438A1EDC}.Debug|Win32.ActiveCfg = Debug|Win32
		{57F9909D-40B7-4D36-9F16-0322438A1EDC}.Debug|Win32.Build.0 = Debug|Win32
		{57F9909D-40B7-4D36-9F16-0322438A1EDC}.Debug|x64.ActiveCfg = Debug|x64
		{57F9909D-40B7-4D36-9F16-0322438A1EDC}.Debug|x64.Build.0 = Debug|x64
		{57F9909D-40B7-4D36-9F16-0322438A1EDC}.Full Debug|Win32.ActiveCfg = Full Debug|Win32
		{57F9909D-40B7-4D36-9F16-0322438A1EDC}.Full Debug|Win32.Build.0 = Full Debug|Win32
		{57F9909D-40B7-4D36-9F16-0322438A1EDC}.Full Debug|x64.ActiveCfg = Full Debug|x64
		{57F9909D-40B7-4D36-9F16-0322438A1EDC}.Full Debug|x64.Build.0 = Full Debug|x64
		{E9AEB79E-085B-4392-A53F-8A9C609E8385}.Code Coverage|Win32.ActiveCfg = Debug|Win32
		{E9AEB79E-085B-4392-A53F-8A9C609E8385}.Code Coverage|Win32.Build.0 = Debug|Win32
		{E9AEB79E-085B-4392-A53F-8A9C609E8385}.Code Coverage|x64.ActiveCfg = Debug|x64
		{E9AEB79E-085B-4392-A53F-8A9C609E8385}.Code Coverage|x64.Build.0 = Debug|x64
		{E9AEB79E-085B-4392-A53F-8A9C609E8385}.Debug|Win32.ActiveCfg = Debug|Win32
		{E9AEB79E-085B-4392-A53F-8A9C609E8385}.Debug|Win32.Build.0 = Debug|Win32
		{E9AEB79E-085B-4392-A53F-8A9C609E8385}.Debug|x64.ActiveCfg = Debug|x64
		{E9AEB79E-085B-4392-A53F-8A9C609E8385}.Debug|x64.Build.0 = Debug|x64
		{E9AEB79E-085B-4392-A53F-8A9C609E8385}.Full Debug|Win32.ActiveCfg = Full Debug|Win32
		{E9AEB79E-085B-4392-A53F-8A9C609E8385}.Full Debug|Win32.Build.0 = Full Debug|Win32
		{E9AEB79E-085B-4392-A53F-8A9C609E8385}.Full Debug|x64.ActiveCfg = Full Debug|x64
		{E9AEB79E-085B-4392-A53F-8A9C609E8385}.Full Debug|x64.Build.0 = Full Debug|x64
		{5D591055-FCDE-4F9E-85C6-30BC1A19BE80}.Code Coverage|Win32.ActiveCfg = Debug|Win32
		{5D591055-FCDE-4F9E-85C6-30BC1A19BE80}.Code Coverage|Win32.Build.0 = Debug|Win32
		{5D591055-FCDE-4F9E-85C6-30BC1A19BE80}.Code Coverage|x64.ActiveCfg = Debug|x64
		{5D591055-FCDE-4F9E-85C6-30BC1A19BE80}.Code Coverage|x64.Build.0 = Debug|x64
		{5D591055-FCDE-4F9E-85C6-30BC1A19BE80}.Debug|Win32.ActiveCfg = Debug|Win32
		{5D591055-FCDE-4F9E-85C6-30BC1A19BE80}.Debug|Win32.Build.0 = Debug|Win32
		{5D591055-FCDE-4F9E-85C6-30BC1A19BE80}.Debug|x64.ActiveCfg = Debug|x64
		{5D591055-FCDE-4F9E-85C6-30BC1A19BE80}.Debug|x64.Build.0 = Debug|x64
		{5D591055-FCDE-4F9E-85C6-30BC1A19BE80}.Full Debug|Win32.ActiveCfg = Full Debug|Win32
		{5D591055-FCDE-4F9E-85C6-30BC1A19BE80}.Full Debug|Win32.Build.0 = Full Debug|Win32
		{5D591055-FCDE-4F9E-85C6-30BC1A19BE80}.Full Debug|x64.ActiveCfg = Full Debug|x64
		{5D591055-FCDE-4F9E-85C6-30BC1A19BE80}.Full Debug|x64.Build.0 = Full Debug|x64
	EndGlobalSection
	GlobalSection(SolutionProperties) = preSolution
		HideSolutionNode = FALSE
	EndGlobalSection
EndGlobal
