
Microsoft Visual Studio Solution File, Format Version 11.00
# Visual Studio 2010
Project("{8BC9CEB8-8B4A-11D0-8D11-00A0C91BC942}") = "UtilitiesLib", "..\..\libs\UtilitiesLib\UtilitiesLib.vcxproj", "{A6741F6E-5476-4F9F-9D65-62B54AAF1D08}"
EndProject
Project("{8BC9CEB8-8B4A-11D0-8D11-00A0C91BC942}") = "ChatHammer", "ChatHammer.vcxproj", "{8BC9CEB8-8B4A-11D0-8D11-00A0C91BC942}"
EndProject
Project("{8BC9CEB8-8B4A-11D0-8D11-00A0C91BC942}") = "StructParserStub", "..\..\libs\StructParserStub\StructParserStub.vcxproj", "{1D29E421-93B2-4E32-9186-7FAFC3971C5B}"
EndProject
Global
	GlobalSection(SolutionConfigurationPlatforms) = preSolution
		Debug|Win32 = Debug|Win32
		Debug|Xbox 360 = Debug|Xbox 360
		Full Debug|Win32 = Full Debug|Win32
		Full Debug|Xbox 360 = Full Debug|Xbox 360
		Profile|Win32 = Profile|Win32
		Profile|Xbox 360 = Profile|Xbox 360
		PS3 Debug|Win32 = PS3 Debug|Win32
		PS3 Debug|Xbox 360 = PS3 Debug|Xbox 360
		Release|Win32 = Release|Win32
		Release|Xbox 360 = Release|Xbox 360
	EndGlobalSection
	GlobalSection(ProjectConfigurationPlatforms) = postSolution
		{A6741F6E-5476-4F9F-9D65-62B54AAF1D08}.Debug|Win32.ActiveCfg = Debug|Win32
		{A6741F6E-5476-4F9F-9D65-62B54AAF1D08}.Debug|Win32.Build.0 = Debug|Win32
		{A6741F6E-5476-4F9F-9D65-62B54AAF1D08}.Debug|Xbox 360.ActiveCfg = Debug|Xbox 360
		{A6741F6E-5476-4F9F-9D65-62B54AAF1D08}.Debug|Xbox 360.Build.0 = Debug|Xbox 360
		{A6741F6E-5476-4F9F-9D65-62B54AAF1D08}.Full Debug|Win32.ActiveCfg = Full Debug|Win32
		{A6741F6E-5476-4F9F-9D65-62B54AAF1D08}.Full Debug|Win32.Build.0 = Full Debug|Win32
		{A6741F6E-5476-4F9F-9D65-62B54AAF1D08}.Full Debug|Xbox 360.ActiveCfg = Full Debug|Xbox 360
		{A6741F6E-5476-4F9F-9D65-62B54AAF1D08}.Full Debug|Xbox 360.Build.0 = Full Debug|Xbox 360
		{A6741F6E-5476-4F9F-9D65-62B54AAF1D08}.Profile|Win32.ActiveCfg = Profile|Win32
		{A6741F6E-5476-4F9F-9D65-62B54AAF1D08}.Profile|Win32.Build.0 = Profile|Win32
		{A6741F6E-5476-4F9F-9D65-62B54AAF1D08}.Profile|Xbox 360.ActiveCfg = Profile|Xbox 360
		{A6741F6E-5476-4F9F-9D65-62B54AAF1D08}.Profile|Xbox 360.Build.0 = Profile|Xbox 360
		{A6741F6E-5476-4F9F-9D65-62B54AAF1D08}.PS3 Debug|Win32.ActiveCfg = PS3 Debug|Win32
		{A6741F6E-5476-4F9F-9D65-62B54AAF1D08}.PS3 Debug|Win32.Build.0 = PS3 Debug|Win32
		{A6741F6E-5476-4F9F-9D65-62B54AAF1D08}.PS3 Debug|Xbox 360.ActiveCfg = PS3 Debug|Xbox 360
		{A6741F6E-5476-4F9F-9D65-62B54AAF1D08}.PS3 Debug|Xbox 360.Build.0 = PS3 Debug|Xbox 360
		{A6741F6E-5476-4F9F-9D65-62B54AAF1D08}.Release|Win32.ActiveCfg = Profile|Win32
		{A6741F6E-5476-4F9F-9D65-62B54AAF1D08}.Release|Win32.Build.0 = Profile|Win32
		{A6741F6E-5476-4F9F-9D65-62B54AAF1D08}.Release|Xbox 360.ActiveCfg = PS3 Release|Xbox 360
		{A6741F6E-5476-4F9F-9D65-62B54AAF1D08}.Release|Xbox 360.Build.0 = PS3 Release|Xbox 360
		{8BC9CEB8-8B4A-11D0-8D11-00A0C91BC942}.Debug|Win32.ActiveCfg = Debug|Win32
		{8BC9CEB8-8B4A-11D0-8D11-00A0C91BC942}.Debug|Win32.Build.0 = Debug|Win32
		{8BC9CEB8-8B4A-11D0-8D11-00A0C91BC942}.Debug|Xbox 360.ActiveCfg = Debug|Win32
		{8BC9CEB8-8B4A-11D0-8D11-00A0C91BC942}.Full Debug|Win32.ActiveCfg = Debug|Win32
		{8BC9CEB8-8B4A-11D0-8D11-00A0C91BC942}.Full Debug|Win32.Build.0 = Debug|Win32
		{8BC9CEB8-8B4A-11D0-8D11-00A0C91BC942}.Full Debug|Xbox 360.ActiveCfg = Debug|Win32
		{8BC9CEB8-8B4A-11D0-8D11-00A0C91BC942}.Profile|Win32.ActiveCfg = Debug|Win32
		{8BC9CEB8-8B4A-11D0-8D11-00A0C91BC942}.Profile|Win32.Build.0 = Debug|Win32
		{8BC9CEB8-8B4A-11D0-8D11-00A0C91BC942}.Profile|Xbox 360.ActiveCfg = Debug|Win32
		{8BC9CEB8-8B4A-11D0-8D11-00A0C91BC942}.PS3 Debug|Win32.ActiveCfg = Debug|Win32
		{8BC9CEB8-8B4A-11D0-8D11-00A0C91BC942}.PS3 Debug|Win32.Build.0 = Debug|Win32
		{8BC9CEB8-8B4A-11D0-8D11-00A0C91BC942}.PS3 Debug|Xbox 360.ActiveCfg = Debug|Win32
		{8BC9CEB8-8B4A-11D0-8D11-00A0C91BC942}.Release|Win32.ActiveCfg = Debug|Win32
		{8BC9CEB8-8B4A-11D0-8D11-00A0C91BC942}.Release|Win32.Build.0 = Debug|Win32
		{8BC9CEB8-8B4A-11D0-8D11-00A0C91BC942}.Release|Xbox 360.ActiveCfg = Debug|Win32
		{1D29E421-93B2-4E32-9186-7FAFC3971C5B}.Debug|Win32.ActiveCfg = Debug|Win32
		{1D29E421-93B2-4E32-9186-7FAFC3971C5B}.Debug|Win32.Build.0 = Debug|Win32
		{1D29E421-93B2-4E32-9186-7FAFC3971C5B}.Debug|Xbox 360.ActiveCfg = Debug|Xbox 360
		{1D29E421-93B2-4E32-9186-7FAFC3971C5B}.Debug|Xbox 360.Build.0 = Debug|Xbox 360
		{1D29E421-93B2-4E32-9186-7FAFC3971C5B}.Full Debug|Win32.ActiveCfg = Full Debug|Win32
		{1D29E421-93B2-4E32-9186-7FAFC3971C5B}.Full Debug|Win32.Build.0 = Full Debug|Win32
		{1D29E421-93B2-4E32-9186-7FAFC3971C5B}.Full Debug|Xbox 360.ActiveCfg = Full Debug|Xbox 360
		{1D29E421-93B2-4E32-9186-7FAFC3971C5B}.Full Debug|Xbox 360.Build.0 = Full Debug|Xbox 360
		{1D29E421-93B2-4E32-9186-7FAFC3971C5B}.Profile|Win32.ActiveCfg = Profile|Win32
		{1D29E421-93B2-4E32-9186-7FAFC3971C5B}.Profile|Win32.Build.0 = Profile|Win32
		{1D29E421-93B2-4E32-9186-7FAFC3971C5B}.Profile|Xbox 360.ActiveCfg = Profile|Xbox 360
		{1D29E421-93B2-4E32-9186-7FAFC3971C5B}.Profile|Xbox 360.Build.0 = Profile|Xbox 360
		{1D29E421-93B2-4E32-9186-7FAFC3971C5B}.PS3 Debug|Win32.ActiveCfg = Debug|Win32
		{1D29E421-93B2-4E32-9186-7FAFC3971C5B}.PS3 Debug|Win32.Build.0 = Debug|Win32
		{1D29E421-93B2-4E32-9186-7FAFC3971C5B}.PS3 Debug|Xbox 360.ActiveCfg = Debug|Xbox 360
		{1D29E421-93B2-4E32-9186-7FAFC3971C5B}.PS3 Debug|Xbox 360.Build.0 = Debug|Xbox 360
		{1D29E421-93B2-4E32-9186-7FAFC3971C5B}.Release|Win32.ActiveCfg = Profile|Xbox 360
		{1D29E421-93B2-4E32-9186-7FAFC3971C5B}.Release|Xbox 360.ActiveCfg = Profile|Xbox 360
		{1D29E421-93B2-4E32-9186-7FAFC3971C5B}.Release|Xbox 360.Build.0 = Profile|Xbox 360
	EndGlobalSection
	GlobalSection(SolutionProperties) = preSolution
		HideSolutionNode = FALSE
	EndGlobalSection
EndGlobal
