<?xml version="1.0" encoding="utf-8"?>
<Project ToolsVersion="4.0" xmlns="http://schemas.microsoft.com/developer/msbuild/2003">
  <ItemGroup>
    <Filter Include="Source Files">
      <UniqueIdentifier>{d87ddeb1-4a77-47ca-8e0e-8c90a12eb245}</UniqueIdentifier>
      <Extensions>cpp;c;cxx;rc;def;r;odl;hpj;bat;for;f90</Extensions>
    </Filter>
    <Filter Include="Resource Files">
      <UniqueIdentifier>{d7a37a19-dab0-45e0-b093-53fe877bc08b}</UniqueIdentifier>
      <Extensions>ico;cur;bmp;dlg;rc2;rct;bin;cnt;rtf;gif;jpg;jpeg;jpe</Extensions>
    </Filter>
  </ItemGroup>
  <ItemGroup>
    <ClCompile Include="animexp.cpp">
      <Filter>Source Files</Filter>
    </ClCompile>
    <ClCompile Include="animexpbloat.cpp">
      <Filter>Source Files</Filter>
    </ClCompile>
    <ClCompile Include="skelexp.cpp">
      <Filter>Source Files</Filter>
    </ClCompile>
  </ItemGroup>
  <ItemGroup>
    <None Include="animexp.def">
      <Filter>Source Files</Filter>
    </None>
  </ItemGroup>
  <ItemGroup>
    <ClInclude Include="animexp.h">
      <Filter>Source Files</Filter>
    </ClInclude>
    <ClInclude Include="skelexp.h">
      <Filter>Source Files</Filter>
    </ClInclude>
    <ClInclude Include="forceinclude.h" />
    <ClInclude Include="..\resource.h">
      <Filter>Resource Files</Filter>
    </ClInclude>
  </ItemGroup>
  <ItemGroup>
    <ResourceCompile Include="..\MaxPlugins.rc">
      <Filter>Resource Files</Filter>
    </ResourceCompile>
  </ItemGroup>
</Project>